{
  "version": 4,
  "terraform_version": "1.3.6",
  "serial": 6,
  "lineage": "f67d120a-53bf-75da-aca6-9ee2b09cc52b",
  "outputs": {},
  "resources": [
    {
      "mode": "managed",
      "type": "yandex_compute_instance",
      "name": "vm-1",
      "provider": "provider[\"registry.terraform.io/yandex-cloud/yandex\"]",
      "instances": [
        {
          "schema_version": 1,
          "attributes": {
            "allow_recreate": null,
            "allow_stopping_for_update": null,
            "boot_disk": [
              {
                "auto_delete": true,
                "device_name": "fhm9vfc5ljh1kjqr26lm",
                "disk_id": "fhm9vfc5ljh1kjqr26lm",
                "initialize_params": [
                  {
                    "block_size": 4096,
                    "description": "",
                    "image_id": "fd8jvcoeij6u9se84dt5",
                    "name": "",
                    "size": 10,
                    "snapshot_id": "",
                    "type": "network-hdd"
                  }
                ],
                "mode": "READ_WRITE"
              }
            ],
            "created_at": "2023-01-03T20:19:15Z",
            "description": "",
            "filesystem": [],
            "folder_id": "b1g2i4pvls75r31nscju",
            "fqdn": "fhma7n6j8pt5mfdkdimd.auto.internal",
            "hostname": "",
            "id": "fhma7n6j8pt5mfdkdimd",
            "labels": null,
            "local_disk": [],
            "metadata": {
              "user-data": "#cloud-config\nusers:\n- name: user\n  groups: sudo\n  shell: /bin/bash\n  sudo: ['ALL=(ALL) NOPASSWD:ALL']\n  ssh-authorized-keys:\n  - ssh-rsa AAAAB3NzaC1yc2EAAAADAQABAAABgQDoOL05gU398OgaDZOj7R8ymlWD8QkaRnLnDqAa6OLI7YAfV8RgPcuq+le5qBSlvzHdVen8aOGYBW6aVPxidzUsQRDGMIppMDtVRSiuWDTClVQBkElL7N4QGC750aaKoPEAr/DP1reSMljoyCtWPrXqHzPHkviKIrPFZEmJ2zdf3dEiFDvuAvFjv1Rh6RClWdPaZ0M6pkV02hsN3FtrQZuGRasQRssaYvClinhMcqxqtlDTKIXjSQUidVtGYuOXEY0OXXcaGHqUNrd77Nsd8oaig8pBC1/i30q9MJxr+ncXni9TMCt7GuxLTa1tXIKBkcy2/iB2aS5gk1pfVO5Y8hjaMGKirG+r7yUwD5qZkz78ZiFoQWsoWcc5pmSowAC6dyDeFZQ2IEYzSt2U5uhaOS+nmZhtxaqsNZiPZG/2/dsuuTci4Qe2rYnDKgsWSWp+1nKefRQFImESBtiaudj/d+eqSJ/f2Dy9MhMCTVIVrNp/XtaD7yLRSB/f+XX0SxZzHNs= \n"
            },
            "metadata_options": [
              {
                "aws_v1_http_endpoint": 1,
                "aws_v1_http_token": 1,
                "gce_http_endpoint": 1,
                "gce_http_token": 1
              }
            ],
            "name": "nginx1",
            "network_acceleration_type": "standard",
            "network_interface": [
              {
                "dns_record": [],
                "index": 0,
                "ip_address": "192.168.10.24",
                "ipv4": true,
                "ipv6": false,
                "ipv6_address": "",
                "ipv6_dns_record": [],
                "mac_address": "d0:0d:a3:dc:d3:46",
                "nat": true,
                "nat_dns_record": [],
                "nat_ip_address": "51.250.82.95",
                "nat_ip_version": "IPV4",
                "security_group_ids": [],
                "subnet_id": "e9b4aktcl1635l25i7pk"
              }
            ],
            "placement_policy": [
              {
                "host_affinity_rules": [],
                "placement_group_id": ""
              }
            ],
            "platform_id": "standard-v1",
            "resources": [
              {
                "core_fraction": 100,
                "cores": 2,
                "gpus": 0,
                "memory": 2
              }
            ],
            "scheduling_policy": [
              {
                "preemptible": true
              }
            ],
            "secondary_disk": [],
            "service_account_id": "",
            "status": "running",
            "timeouts": null,
            "zone": "ru-central1-a"
          },
          "sensitive_attributes": [],
          "private": "eyJlMmJmYjczMC1lY2FhLTExZTYtOGY4OC0zNDM2M2JjN2M0YzAiOnsiY3JlYXRlIjozMDAwMDAwMDAwMDAsImRlbGV0ZSI6MzAwMDAwMDAwMDAwLCJ1cGRhdGUiOjMwMDAwMDAwMDAwMH0sInNjaGVtYV92ZXJzaW9uIjoiMSJ9",
          "dependencies": [
            "yandex_vpc_network.network-1",
            "yandex_vpc_subnet.subnet1-zone-a"
          ]
        }
      ]
    },
    {
      "mode": "managed",
      "type": "yandex_compute_instance",
      "name": "vm-2",
      "provider": "provider[\"registry.terraform.io/yandex-cloud/yandex\"]",
      "instances": [
        {
          "schema_version": 1,
          "attributes": {
            "allow_recreate": null,
            "allow_stopping_for_update": null,
            "boot_disk": [
              {
                "auto_delete": true,
                "device_name": "epdvqe7vhm2gntodu7ed",
                "disk_id": "epdvqe7vhm2gntodu7ed",
                "initialize_params": [
                  {
                    "block_size": 4096,
                    "description": "",
                    "image_id": "fd8jvcoeij6u9se84dt5",
                    "name": "",
                    "size": 10,
                    "snapshot_id": "",
                    "type": "network-hdd"
                  }
                ],
                "mode": "READ_WRITE"
              }
            ],
            "created_at": "2023-01-03T20:19:15Z",
            "description": "",
            "filesystem": [],
            "folder_id": "b1g2i4pvls75r31nscju",
            "fqdn": "epdkfpr4gou6t380rln0.auto.internal",
            "hostname": "",
            "id": "epdkfpr4gou6t380rln0",
            "labels": null,
            "local_disk": [],
            "metadata": {
              "user-data": "#cloud-config\nusers:\n- name: user\n  groups: sudo\n  shell: /bin/bash\n  sudo: ['ALL=(ALL) NOPASSWD:ALL']\n  ssh-authorized-keys:\n  - ssh-rsa AAAAB3NzaC1yc2EAAAADAQABAAABgQDoOL05gU398OgaDZOj7R8ymlWD8QkaRnLnDqAa6OLI7YAfV8RgPcuq+le5qBSlvzHdVen8aOGYBW6aVPxidzUsQRDGMIppMDtVRSiuWDTClVQBkElL7N4QGC750aaKoPEAr/DP1reSMljoyCtWPrXqHzPHkviKIrPFZEmJ2zdf3dEiFDvuAvFjv1Rh6RClWdPaZ0M6pkV02hsN3FtrQZuGRasQRssaYvClinhMcqxqtlDTKIXjSQUidVtGYuOXEY0OXXcaGHqUNrd77Nsd8oaig8pBC1/i30q9MJxr+ncXni9TMCt7GuxLTa1tXIKBkcy2/iB2aS5gk1pfVO5Y8hjaMGKirG+r7yUwD5qZkz78ZiFoQWsoWcc5pmSowAC6dyDeFZQ2IEYzSt2U5uhaOS+nmZhtxaqsNZiPZG/2/dsuuTci4Qe2rYnDKgsWSWp+1nKefRQFImESBtiaudj/d+eqSJ/f2Dy9MhMCTVIVrNp/XtaD7yLRSB/f+XX0SxZzHNs= \n"
            },
            "metadata_options": [
              {
                "aws_v1_http_endpoint": 1,
                "aws_v1_http_token": 1,
                "gce_http_endpoint": 1,
                "gce_http_token": 1
              }
            ],
            "name": "nginx2",
            "network_acceleration_type": "standard",
            "network_interface": [
              {
                "dns_record": [],
                "index": 0,
                "ip_address": "192.168.11.29",
                "ipv4": true,
                "ipv6": false,
                "ipv6_address": "",
                "ipv6_dns_record": [],
                "mac_address": "d0:0d:14:7e:76:48",
                "nat": true,
                "nat_dns_record": [],
                "nat_ip_address": "84.201.163.104",
                "nat_ip_version": "IPV4",
                "security_group_ids": [],
                "subnet_id": "e2lljtvgu1ah1hndj6l8"
              }
            ],
            "placement_policy": [
              {
                "host_affinity_rules": [],
                "placement_group_id": ""
              }
            ],
            "platform_id": "standard-v1",
            "resources": [
              {
                "core_fraction": 100,
                "cores": 2,
                "gpus": 0,
                "memory": 2
              }
            ],
            "scheduling_policy": [
              {
                "preemptible": true
              }
            ],
            "secondary_disk": [],
            "service_account_id": "",
            "status": "running",
            "timeouts": null,
            "zone": "ru-central1-b"
          },
          "sensitive_attributes": [],
          "private": "eyJlMmJmYjczMC1lY2FhLTExZTYtOGY4OC0zNDM2M2JjN2M0YzAiOnsiY3JlYXRlIjozMDAwMDAwMDAwMDAsImRlbGV0ZSI6MzAwMDAwMDAwMDAwLCJ1cGRhdGUiOjMwMDAwMDAwMDAwMH0sInNjaGVtYV92ZXJzaW9uIjoiMSJ9",
          "dependencies": [
            "yandex_vpc_network.network-1",
            "yandex_vpc_subnet.subnet1-zone-b"
          ]
        }
      ]
    },
    {
      "mode": "managed",
      "type": "yandex_vpc_network",
      "name": "network-1",
      "provider": "provider[\"registry.terraform.io/yandex-cloud/yandex\"]",
      "instances": [
        {
          "schema_version": 0,
          "attributes": {
            "created_at": "2023-01-03T20:19:13Z",
            "default_security_group_id": "",
            "description": "",
            "folder_id": "b1g2i4pvls75r31nscju",
            "id": "enpqeg4ilsgig16o1c7b",
            "labels": {},
            "name": "network-1",
            "subnet_ids": [],
            "timeouts": null
          },
          "sensitive_attributes": [],
          "private": "eyJlMmJmYjczMC1lY2FhLTExZTYtOGY4OC0zNDM2M2JjN2M0YzAiOnsiY3JlYXRlIjo2MDAwMDAwMDAwMCwiZGVsZXRlIjo2MDAwMDAwMDAwMCwidXBkYXRlIjo2MDAwMDAwMDAwMH19"
        }
      ]
    },
    {
      "mode": "managed",
      "type": "yandex_vpc_subnet",
      "name": "subnet1-zone-a",
      "provider": "provider[\"registry.terraform.io/yandex-cloud/yandex\"]",
      "instances": [
        {
          "schema_version": 0,
          "attributes": {
            "created_at": "2023-01-03T20:19:14Z",
            "description": "",
            "dhcp_options": [],
            "folder_id": "b1g2i4pvls75r31nscju",
            "id": "e9b4aktcl1635l25i7pk",
            "labels": {},
            "name": "subnet1",
            "network_id": "enpqeg4ilsgig16o1c7b",
            "route_table_id": "",
            "timeouts": null,
            "v4_cidr_blocks": [
              "192.168.10.0/24"
            ],
            "v6_cidr_blocks": [],
            "zone": "ru-central1-a"
          },
          "sensitive_attributes": [],
          "private": "eyJlMmJmYjczMC1lY2FhLTExZTYtOGY4OC0zNDM2M2JjN2M0YzAiOnsiY3JlYXRlIjoxODAwMDAwMDAwMDAsImRlbGV0ZSI6MTgwMDAwMDAwMDAwLCJ1cGRhdGUiOjE4MDAwMDAwMDAwMH19",
          "dependencies": [
            "yandex_vpc_network.network-1"
          ]
        }
      ]
    },
    {
      "mode": "managed",
      "type": "yandex_vpc_subnet",
      "name": "subnet1-zone-b",
      "provider": "provider[\"registry.terraform.io/yandex-cloud/yandex\"]",
      "instances": [
        {
          "schema_version": 0,
          "attributes": {
            "created_at": "2023-01-03T20:19:14Z",
            "description": "",
            "dhcp_options": [],
            "folder_id": "b1g2i4pvls75r31nscju",
            "id": "e2lljtvgu1ah1hndj6l8",
            "labels": {},
            "name": "subnet2",
            "network_id": "enpqeg4ilsgig16o1c7b",
            "route_table_id": "",
            "timeouts": null,
            "v4_cidr_blocks": [
              "192.168.11.0/24"
            ],
            "v6_cidr_blocks": [],
            "zone": "ru-central1-b"
          },
          "sensitive_attributes": [],
          "private": "eyJlMmJmYjczMC1lY2FhLTExZTYtOGY4OC0zNDM2M2JjN2M0YzAiOnsiY3JlYXRlIjoxODAwMDAwMDAwMDAsImRlbGV0ZSI6MTgwMDAwMDAwMDAwLCJ1cGRhdGUiOjE4MDAwMDAwMDAwMH19",
          "dependencies": [
            "yandex_vpc_network.network-1"
          ]
        }
      ]
    }
  ],
  "check_results": null
}
