{
  "version": 4,
  "terraform_version": "1.2.5",
  "serial": 56,
  "lineage": "692a36f4-bd9e-09dd-1faf-e4ba33756cf8",
  "outputs": {
    "external_ip_address_vm_1": {
      "value": "51.250.86.70",
      "type": "string"
    },
    "external_ip_address_vm_2": {
      "value": "51.250.18.36",
      "type": "string"
    },
    "internal_ip_address_vm_1": {
      "value": "192.168.10.14",
      "type": "string"
    },
    "internal_ip_address_vm_2": {
      "value": "192.168.11.6",
      "type": "string"
    }
  },
  "resources": [
    {
      "mode": "managed",
      "type": "yandex_compute_instance",
      "name": "vm-1",
      "provider": "provider[\"registry.terraform.io/yandex-cloud/yandex\"]",
      "instances": [
        {
          "schema_version": 1,
          "attributes": {
            "allow_recreate": null,
            "allow_stopping_for_update": null,
            "boot_disk": [
              {
                "auto_delete": true,
                "device_name": "fhm8prj6u22dpoo19ves",
                "disk_id": "fhm8prj6u22dpoo19ves",
                "initialize_params": [
                  {
                    "block_size": 4096,
                    "description": "",
                    "image_id": "fd8jvcoeij6u9se84dt5",
                    "name": "",
                    "size": 10,
                    "snapshot_id": "",
                    "type": "network-hdd"
                  }
                ],
                "mode": "READ_WRITE"
              }
            ],
            "created_at": "2022-12-29T21:30:48Z",
            "description": "",
            "filesystem": [],
            "folder_id": "b1g2i4pvls75r31nscju",
            "fqdn": "fhm52db99f3nubnmpkte.auto.internal",
            "hostname": "",
            "id": "fhm52db99f3nubnmpkte",
            "labels": null,
            "local_disk": [],
            "metadata": {
              "user-data": "#cloud-config\nusers:\n- name: user\n  groups: sudo\n  shell: /bin/bash\n  sudo: ['ALL=(ALL) NOPASSWD:ALL']\n  ssh-authorized-keys:\n  - ssh-rsa AAAAB3NzaC1yc2EAAAADAQABAAABgQDoOL05gU398OgaDZOj7R8ymlWD8QkaRnLnDqAa6OLI7YAfV8RgPcuq+le5qBSlvzHdVen8aOGYBW6aVPxidzUsQRDGMIppMDtVRSiuWDTClVQBkElL7N4QGC750aaKoPEAr/DP1reSMljoyCtWPrXqHzPHkviKIrPFZEmJ2zdf3dEiFDvuAvFjv1Rh6RClWdPaZ0M6pkV02hsN3FtrQZuGRasQRssaYvClinhMcqxqtlDTKIXjSQUidVtGYuOXEY0OXXcaGHqUNrd77Nsd8oaig8pBC1/i30q9MJxr+ncXni9TMCt7GuxLTa1tXIKBkcy2/iB2aS5gk1pfVO5Y8hjaMGKirG+r7yUwD5qZkz78ZiFoQWsoWcc5pmSowAC6dyDeFZQ2IEYzSt2U5uhaOS+nmZhtxaqsNZiPZG/2/dsuuTci4Qe2rYnDKgsWSWp+1nKefRQFImESBtiaudj/d+eqSJ/f2Dy9MhMCTVIVrNp/XtaD7yLRSB/f+XX0SxZzHNs= \n"
            },
            "metadata_options": [
              {
                "aws_v1_http_endpoint": 1,
                "aws_v1_http_token": 1,
                "gce_http_endpoint": 1,
                "gce_http_token": 1
              }
            ],
            "name": "nginx1",
            "network_acceleration_type": "standard",
            "network_interface": [
              {
                "dns_record": [],
                "index": 0,
                "ip_address": "192.168.10.14",
                "ipv4": true,
                "ipv6": false,
                "ipv6_address": "",
                "ipv6_dns_record": [],
                "mac_address": "d0:0d:51:35:69:4b",
                "nat": true,
                "nat_dns_record": [],
                "nat_ip_address": "51.250.86.70",
                "nat_ip_version": "IPV4",
                "security_group_ids": [],
                "subnet_id": "e9bo86c9nj46flrml4s0"
              }
            ],
            "placement_policy": [
              {
                "host_affinity_rules": [],
                "placement_group_id": ""
              }
            ],
            "platform_id": "standard-v1",
            "resources": [
              {
                "core_fraction": 100,
                "cores": 2,
                "gpus": 0,
                "memory": 2
              }
            ],
            "scheduling_policy": [
              {
                "preemptible": true
              }
            ],
            "secondary_disk": [],
            "service_account_id": "",
            "status": "running",
            "timeouts": null,
            "zone": "ru-central1-a"
          },
          "sensitive_attributes": [],
          "private": "eyJlMmJmYjczMC1lY2FhLTExZTYtOGY4OC0zNDM2M2JjN2M0YzAiOnsiY3JlYXRlIjozMDAwMDAwMDAwMDAsImRlbGV0ZSI6MzAwMDAwMDAwMDAwLCJ1cGRhdGUiOjMwMDAwMDAwMDAwMH0sInNjaGVtYV92ZXJzaW9uIjoiMSJ9",
          "dependencies": [
            "yandex_vpc_network.network-1",
            "yandex_vpc_subnet.subnet1-zone-a"
          ]
        }
      ]
    },
    {
      "mode": "managed",
      "type": "yandex_compute_instance",
      "name": "vm-2",
      "provider": "provider[\"registry.terraform.io/yandex-cloud/yandex\"]",
      "instances": [
        {
          "schema_version": 1,
          "attributes": {
            "allow_recreate": null,
            "allow_stopping_for_update": null,
            "boot_disk": [
              {
                "auto_delete": true,
                "device_name": "epdj9uthbe14oifd0ffi",
                "disk_id": "epdj9uthbe14oifd0ffi",
                "initialize_params": [
                  {
                    "block_size": 4096,
                    "description": "",
                    "image_id": "fd8jvcoeij6u9se84dt5",
                    "name": "",
                    "size": 10,
                    "snapshot_id": "",
                    "type": "network-hdd"
                  }
                ],
                "mode": "READ_WRITE"
              }
            ],
            "created_at": "2022-12-29T21:30:47Z",
            "description": "",
            "filesystem": [],
            "folder_id": "b1g2i4pvls75r31nscju",
            "fqdn": "epde11pvqlfhp34u15k3.auto.internal",
            "hostname": "",
            "id": "epde11pvqlfhp34u15k3",
            "labels": null,
            "local_disk": [],
            "metadata": {
              "user-data": "#cloud-config\nusers:\n- name: user\n  groups: sudo\n  shell: /bin/bash\n  sudo: ['ALL=(ALL) NOPASSWD:ALL']\n  ssh-authorized-keys:\n  - ssh-rsa AAAAB3NzaC1yc2EAAAADAQABAAABgQDoOL05gU398OgaDZOj7R8ymlWD8QkaRnLnDqAa6OLI7YAfV8RgPcuq+le5qBSlvzHdVen8aOGYBW6aVPxidzUsQRDGMIppMDtVRSiuWDTClVQBkElL7N4QGC750aaKoPEAr/DP1reSMljoyCtWPrXqHzPHkviKIrPFZEmJ2zdf3dEiFDvuAvFjv1Rh6RClWdPaZ0M6pkV02hsN3FtrQZuGRasQRssaYvClinhMcqxqtlDTKIXjSQUidVtGYuOXEY0OXXcaGHqUNrd77Nsd8oaig8pBC1/i30q9MJxr+ncXni9TMCt7GuxLTa1tXIKBkcy2/iB2aS5gk1pfVO5Y8hjaMGKirG+r7yUwD5qZkz78ZiFoQWsoWcc5pmSowAC6dyDeFZQ2IEYzSt2U5uhaOS+nmZhtxaqsNZiPZG/2/dsuuTci4Qe2rYnDKgsWSWp+1nKefRQFImESBtiaudj/d+eqSJ/f2Dy9MhMCTVIVrNp/XtaD7yLRSB/f+XX0SxZzHNs= \n"
            },
            "metadata_options": [
              {
                "aws_v1_http_endpoint": 1,
                "aws_v1_http_token": 1,
                "gce_http_endpoint": 1,
                "gce_http_token": 1
              }
            ],
            "name": "nginx2",
            "network_acceleration_type": "standard",
            "network_interface": [
              {
                "dns_record": [],
                "index": 0,
                "ip_address": "192.168.11.6",
                "ipv4": true,
                "ipv6": false,
                "ipv6_address": "",
                "ipv6_dns_record": [],
                "mac_address": "d0:0d:e0:87:3f:d5",
                "nat": true,
                "nat_dns_record": [],
                "nat_ip_address": "51.250.18.36",
                "nat_ip_version": "IPV4",
                "security_group_ids": [],
                "subnet_id": "e2l5kli717lmg5g1qalu"
              }
            ],
            "placement_policy": [
              {
                "host_affinity_rules": [],
                "placement_group_id": ""
              }
            ],
            "platform_id": "standard-v1",
            "resources": [
              {
                "core_fraction": 100,
                "cores": 2,
                "gpus": 0,
                "memory": 2
              }
            ],
            "scheduling_policy": [
              {
                "preemptible": true
              }
            ],
            "secondary_disk": [],
            "service_account_id": "",
            "status": "running",
            "timeouts": null,
            "zone": "ru-central1-b"
          },
          "sensitive_attributes": [],
          "private": "eyJlMmJmYjczMC1lY2FhLTExZTYtOGY4OC0zNDM2M2JjN2M0YzAiOnsiY3JlYXRlIjozMDAwMDAwMDAwMDAsImRlbGV0ZSI6MzAwMDAwMDAwMDAwLCJ1cGRhdGUiOjMwMDAwMDAwMDAwMH0sInNjaGVtYV92ZXJzaW9uIjoiMSJ9",
          "dependencies": [
            "yandex_vpc_network.network-1",
            "yandex_vpc_subnet.subnet1-zone-b"
          ]
        }
      ]
    },
    {
      "mode": "managed",
      "type": "yandex_vpc_network",
      "name": "network-1",
      "provider": "provider[\"registry.terraform.io/yandex-cloud/yandex\"]",
      "instances": [
        {
          "schema_version": 0,
          "attributes": {
            "created_at": "2022-12-29T21:30:45Z",
            "default_security_group_id": "",
            "description": "",
            "folder_id": "b1g2i4pvls75r31nscju",
            "id": "enpmb2n118vbrnjt9fl3",
            "labels": {},
            "name": "network-1",
            "subnet_ids": [],
            "timeouts": null
          },
          "sensitive_attributes": [],
          "private": "eyJlMmJmYjczMC1lY2FhLTExZTYtOGY4OC0zNDM2M2JjN2M0YzAiOnsiY3JlYXRlIjo2MDAwMDAwMDAwMCwiZGVsZXRlIjo2MDAwMDAwMDAwMCwidXBkYXRlIjo2MDAwMDAwMDAwMH19"
        }
      ]
    },
    {
      "mode": "managed",
      "type": "yandex_vpc_subnet",
      "name": "subnet1-zone-a",
      "provider": "provider[\"registry.terraform.io/yandex-cloud/yandex\"]",
      "instances": [
        {
          "schema_version": 0,
          "attributes": {
            "created_at": "2022-12-29T21:30:47Z",
            "description": "",
            "dhcp_options": [],
            "folder_id": "b1g2i4pvls75r31nscju",
            "id": "e9bo86c9nj46flrml4s0",
            "labels": {},
            "name": "subnet1",
            "network_id": "enpmb2n118vbrnjt9fl3",
            "route_table_id": "",
            "timeouts": null,
            "v4_cidr_blocks": [
              "192.168.10.0/24"
            ],
            "v6_cidr_blocks": [],
            "zone": "ru-central1-a"
          },
          "sensitive_attributes": [],
          "private": "eyJlMmJmYjczMC1lY2FhLTExZTYtOGY4OC0zNDM2M2JjN2M0YzAiOnsiY3JlYXRlIjoxODAwMDAwMDAwMDAsImRlbGV0ZSI6MTgwMDAwMDAwMDAwLCJ1cGRhdGUiOjE4MDAwMDAwMDAwMH19",
          "dependencies": [
            "yandex_vpc_network.network-1"
          ]
        }
      ]
    },
    {
      "mode": "managed",
      "type": "yandex_vpc_subnet",
      "name": "subnet1-zone-b",
      "provider": "provider[\"registry.terraform.io/yandex-cloud/yandex\"]",
      "instances": [
        {
          "schema_version": 0,
          "attributes": {
            "created_at": "2022-12-29T21:30:46Z",
            "description": "",
            "dhcp_options": [],
            "folder_id": "b1g2i4pvls75r31nscju",
            "id": "e2l5kli717lmg5g1qalu",
            "labels": {},
            "name": "subnet2",
            "network_id": "enpmb2n118vbrnjt9fl3",
            "route_table_id": "",
            "timeouts": null,
            "v4_cidr_blocks": [
              "192.168.11.0/24"
            ],
            "v6_cidr_blocks": [],
            "zone": "ru-central1-b"
          },
          "sensitive_attributes": [],
          "private": "eyJlMmJmYjczMC1lY2FhLTExZTYtOGY4OC0zNDM2M2JjN2M0YzAiOnsiY3JlYXRlIjoxODAwMDAwMDAwMDAsImRlbGV0ZSI6MTgwMDAwMDAwMDAwLCJ1cGRhdGUiOjE4MDAwMDAwMDAwMH19",
          "dependencies": [
            "yandex_vpc_network.network-1"
          ]
        }
      ]
    }
  ]
}
