{
  "version": 4,
  "terraform_version": "1.2.5",
  "serial": 297,
  "lineage": "d12244e3-ef5d-b9bb-5ec7-3b5d21a2c16e",
  "outputs": {
    "external_ip_address_lb": {
      "value": [
        {
          "allocation_policy": [
            {
              "location": [
                {
                  "disable_traffic": false,
                  "subnet_id": "e2l0dvmnpbufphhklfa6",
                  "zone_id": "ru-central1-b"
                },
                {
                  "disable_traffic": false,
                  "subnet_id": "e9bkjbq3jbfmdnfvn01i",
                  "zone_id": "ru-central1-a"
                }
              ]
            }
          ],
          "created_at": "2023-02-05T16:56:14Z",
          "description": "",
          "folder_id": "b1g2i4pvls75r31nscju",
          "id": "ds7sdnr95eqvl6jsmb9o",
          "labels": {},
          "listener": [
            {
              "endpoint": [
                {
                  "address": [
                    {
                      "external_ipv4_address": [
                        {
                          "address": "51.250.1.104"
                        }
                      ],
                      "external_ipv6_address": [],
                      "internal_ipv4_address": []
                    }
                  ],
                  "ports": [
                    80
                  ]
                }
              ],
              "http": [
                {
                  "handler": [
                    {
                      "allow_http10": false,
                      "http2_options": [],
                      "http_router_id": "ds750s72igu4r1asg8sq"
                    }
                  ],
                  "redirects": []
                }
              ],
              "name": "test-listener",
              "stream": [],
              "tls": []
            }
          ],
          "log_group_id": "ckgh8qu2g6elr28jtf39",
          "log_options": [],
          "name": "nginx-balancer",
          "network_id": "enp6o7co7ron9kb53vof",
          "region_id": "",
          "security_group_ids": [],
          "status": "active",
          "timeouts": null
        }
      ],
      "type": [
        "tuple",
        [
          [
            "object",
            {
              "allocation_policy": [
                "list",
                [
                  "object",
                  {
                    "location": [
                      "set",
                      [
                        "object",
                        {
                          "disable_traffic": "bool",
                          "subnet_id": "string",
                          "zone_id": "string"
                        }
                      ]
                    ]
                  }
                ]
              ],
              "created_at": "string",
              "description": "string",
              "folder_id": "string",
              "id": "string",
              "labels": [
                "map",
                "string"
              ],
              "listener": [
                "list",
                [
                  "object",
                  {
                    "endpoint": [
                      "list",
                      [
                        "object",
                        {
                          "address": [
                            "list",
                            [
                              "object",
                              {
                                "external_ipv4_address": [
                                  "list",
                                  [
                                    "object",
                                    {
                                      "address": "string"
                                    }
                                  ]
                                ],
                                "external_ipv6_address": [
                                  "list",
                                  [
                                    "object",
                                    {
                                      "address": "string"
                                    }
                                  ]
                                ],
                                "internal_ipv4_address": [
                                  "list",
                                  [
                                    "object",
                                    {
                                      "address": "string",
                                      "subnet_id": "string"
                                    }
                                  ]
                                ]
                              }
                            ]
                          ],
                          "ports": [
                            "list",
                            "number"
                          ]
                        }
                      ]
                    ],
                    "http": [
                      "list",
                      [
                        "object",
                        {
                          "handler": [
                            "list",
                            [
                              "object",
                              {
                                "allow_http10": "bool",
                                "http2_options": [
                                  "list",
                                  [
                                    "object",
                                    {
                                      "max_concurrent_streams": "number"
                                    }
                                  ]
                                ],
                                "http_router_id": "string"
                              }
                            ]
                          ],
                          "redirects": [
                            "list",
                            [
                              "object",
                              {
                                "http_to_https": "bool"
                              }
                            ]
                          ]
                        }
                      ]
                    ],
                    "name": "string",
                    "stream": [
                      "list",
                      [
                        "object",
                        {
                          "handler": [
                            "list",
                            [
                              "object",
                              {
                                "backend_group_id": "string"
                              }
                            ]
                          ]
                        }
                      ]
                    ],
                    "tls": [
                      "list",
                      [
                        "object",
                        {
                          "default_handler": [
                            "list",
                            [
                              "object",
                              {
                                "certificate_ids": [
                                  "set",
                                  "string"
                                ],
                                "http_handler": [
                                  "list",
                                  [
                                    "object",
                                    {
                                      "allow_http10": "bool",
                                      "http2_options": [
                                        "list",
                                        [
                                          "object",
                                          {
                                            "max_concurrent_streams": "number"
                                          }
                                        ]
                                      ],
                                      "http_router_id": "string"
                                    }
                                  ]
                                ],
                                "stream_handler": [
                                  "list",
                                  [
                                    "object",
                                    {
                                      "backend_group_id": "string"
                                    }
                                  ]
                                ]
                              }
                            ]
                          ],
                          "sni_handler": [
                            "list",
                            [
                              "object",
                              {
                                "handler": [
                                  "list",
                                  [
                                    "object",
                                    {
                                      "certificate_ids": [
                                        "set",
                                        "string"
                                      ],
                                      "http_handler": [
                                        "list",
                                        [
                                          "object",
                                          {
                                            "allow_http10": "bool",
                                            "http2_options": [
                                              "list",
                                              [
                                                "object",
                                                {
                                                  "max_concurrent_streams": "number"
                                                }
                                              ]
                                            ],
                                            "http_router_id": "string"
                                          }
                                        ]
                                      ],
                                      "stream_handler": [
                                        "list",
                                        [
                                          "object",
                                          {
                                            "backend_group_id": "string"
                                          }
                                        ]
                                      ]
                                    }
                                  ]
                                ],
                                "name": "string",
                                "server_names": [
                                  "set",
                                  "string"
                                ]
                              }
                            ]
                          ]
                        }
                      ]
                    ]
                  }
                ]
              ],
              "log_group_id": "string",
              "log_options": [
                "list",
                [
                  "object",
                  {
                    "disable": "bool",
                    "discard_rule": [
                      "list",
                      [
                        "object",
                        {
                          "discard_percent": "number",
                          "grpc_codes": [
                            "list",
                            "string"
                          ],
                          "http_code_intervals": [
                            "list",
                            "string"
                          ],
                          "http_codes": [
                            "list",
                            "number"
                          ]
                        }
                      ]
                    ],
                    "log_group_id": "string"
                  }
                ]
              ],
              "name": "string",
              "network_id": "string",
              "region_id": "string",
              "security_group_ids": [
                "set",
                "string"
              ],
              "status": "string",
              "timeouts": [
                "object",
                {
                  "create": "string",
                  "delete": "string",
                  "update": "string"
                }
              ]
            }
          ]
        ]
      ]
    },
    "private_ip_elastic": {
      "value": "192.168.10.32",
      "type": "string"
    },
    "private_ip_grafana": {
      "value": "192.168.10.18",
      "type": "string"
    },
    "private_ip_kibana": {
      "value": "192.168.10.13",
      "type": "string"
    },
    "private_ip_prometheus": {
      "value": "192.168.10.31",
      "type": "string"
    },
    "private_ip_vm_1": {
      "value": "192.168.10.20",
      "type": "string"
    },
    "private_ip_vm_2": {
      "value": "192.168.11.3",
      "type": "string"
    },
    "public_ip_elastic": {
      "value": "51.250.82.209",
      "type": "string"
    },
    "public_ip_grafana": {
      "value": "158.160.32.150",
      "type": "string"
    },
    "public_ip_kibana": {
      "value": "158.160.58.249",
      "type": "string"
    },
    "public_ip_prometheus": {
      "value": "158.160.37.198",
      "type": "string"
    },
    "public_ip_vm_1": {
      "value": "84.252.129.81",
      "type": "string"
    },
    "public_ip_vm_2": {
      "value": "51.250.102.184",
      "type": "string"
    }
  },
  "resources": [
    {
      "mode": "managed",
      "type": "yandex_alb_backend_group",
      "name": "test-backend-group",
      "provider": "provider[\"registry.terraform.io/yandex-cloud/yandex\"]",
      "instances": [
        {
          "schema_version": 0,
          "attributes": {
            "created_at": "2023-02-05T16:56:52Z",
            "description": "",
            "folder_id": "b1g2i4pvls75r31nscju",
            "grpc_backend": [],
            "http_backend": [
              {
                "healthcheck": [
                  {
                    "grpc_healthcheck": [],
                    "healthcheck_port": 0,
                    "healthy_threshold": 10,
                    "http_healthcheck": [
                      {
                        "host": "",
                        "http2": false,
                        "path": "/"
                      }
                    ],
                    "interval": "2s",
                    "interval_jitter_percent": 0,
                    "stream_healthcheck": [],
                    "timeout": "10s",
                    "unhealthy_threshold": 15
                  }
                ],
                "http2": false,
                "load_balancing_config": [
                  {
                    "locality_aware_routing_percent": 0,
                    "mode": "ROUND_ROBIN",
                    "panic_threshold": 90,
                    "strict_locality": false
                  }
                ],
                "name": "nginx-servers-backend",
                "port": 80,
                "storage_bucket": "",
                "target_group_ids": [
                  "ds7d77a84rvt6u12dssv"
                ],
                "tls": [],
                "weight": 1
              }
            ],
            "id": "ds7b9pdusf68pluvv1mf",
            "labels": {},
            "name": "nginx-servers-backend-group",
            "session_affinity": [],
            "stream_backend": [],
            "timeouts": null
          },
          "sensitive_attributes": [],
          "private": "eyJlMmJmYjczMC1lY2FhLTExZTYtOGY4OC0zNDM2M2JjN2M0YzAiOnsiY3JlYXRlIjozMDAwMDAwMDAwMDAsImRlbGV0ZSI6MzAwMDAwMDAwMDAwLCJ1cGRhdGUiOjMwMDAwMDAwMDAwMH19",
          "dependencies": [
            "yandex_alb_target_group.nginx-servers",
            "yandex_compute_instance.vm-1",
            "yandex_compute_instance.vm-2",
            "yandex_vpc_network.network-1",
            "yandex_vpc_subnet.subnet1-zone-a",
            "yandex_vpc_subnet.subnet1-zone-b"
          ]
        }
      ]
    },
    {
      "mode": "managed",
      "type": "yandex_alb_http_router",
      "name": "tf-router",
      "provider": "provider[\"registry.terraform.io/yandex-cloud/yandex\"]",
      "instances": [
        {
          "schema_version": 0,
          "attributes": {
            "created_at": "2023-02-05T16:56:12Z",
            "description": "",
            "folder_id": "b1g2i4pvls75r31nscju",
            "id": "ds750s72igu4r1asg8sq",
            "labels": {},
            "name": "http-nginx-router",
            "route_options": [],
            "timeouts": null
          },
          "sensitive_attributes": [],
          "private": "eyJlMmJmYjczMC1lY2FhLTExZTYtOGY4OC0zNDM2M2JjN2M0YzAiOnsiY3JlYXRlIjozMDAwMDAwMDAwMDAsImRlbGV0ZSI6MzAwMDAwMDAwMDAwLCJ1cGRhdGUiOjMwMDAwMDAwMDAwMH19"
        }
      ]
    },
    {
      "mode": "managed",
      "type": "yandex_alb_load_balancer",
      "name": "nginx-balancer",
      "provider": "provider[\"registry.terraform.io/yandex-cloud/yandex\"]",
      "instances": [
        {
          "schema_version": 0,
          "attributes": {
            "allocation_policy": [
              {
                "location": [
                  {
                    "disable_traffic": false,
                    "subnet_id": "e2l0dvmnpbufphhklfa6",
                    "zone_id": "ru-central1-b"
                  },
                  {
                    "disable_traffic": false,
                    "subnet_id": "e9bkjbq3jbfmdnfvn01i",
                    "zone_id": "ru-central1-a"
                  }
                ]
              }
            ],
            "created_at": "2023-02-05T16:56:14Z",
            "description": "",
            "folder_id": "b1g2i4pvls75r31nscju",
            "id": "ds7sdnr95eqvl6jsmb9o",
            "labels": {},
            "listener": [
              {
                "endpoint": [
                  {
                    "address": [
                      {
                        "external_ipv4_address": [
                          {
                            "address": "51.250.1.104"
                          }
                        ],
                        "external_ipv6_address": [],
                        "internal_ipv4_address": []
                      }
                    ],
                    "ports": [
                      80
                    ]
                  }
                ],
                "http": [
                  {
                    "handler": [
                      {
                        "allow_http10": false,
                        "http2_options": [],
                        "http_router_id": "ds750s72igu4r1asg8sq"
                      }
                    ],
                    "redirects": []
                  }
                ],
                "name": "test-listener",
                "stream": [],
                "tls": []
              }
            ],
            "log_group_id": "ckgh8qu2g6elr28jtf39",
            "log_options": [],
            "name": "nginx-balancer",
            "network_id": "enp6o7co7ron9kb53vof",
            "region_id": "",
            "security_group_ids": [],
            "status": "active",
            "timeouts": null
          },
          "sensitive_attributes": [],
          "private": "eyJlMmJmYjczMC1lY2FhLTExZTYtOGY4OC0zNDM2M2JjN2M0YzAiOnsiY3JlYXRlIjo2MDAwMDAwMDAwMDAsImRlbGV0ZSI6NjAwMDAwMDAwMDAwLCJ1cGRhdGUiOjYwMDAwMDAwMDAwMH19",
          "dependencies": [
            "yandex_alb_http_router.tf-router",
            "yandex_vpc_network.network-1",
            "yandex_vpc_subnet.subnet1-zone-a",
            "yandex_vpc_subnet.subnet1-zone-b"
          ]
        }
      ]
    },
    {
      "mode": "managed",
      "type": "yandex_alb_target_group",
      "name": "nginx-servers",
      "provider": "provider[\"registry.terraform.io/yandex-cloud/yandex\"]",
      "instances": [
        {
          "schema_version": 0,
          "attributes": {
            "created_at": "2023-02-05T16:56:52Z",
            "description": "",
            "folder_id": "b1g2i4pvls75r31nscju",
            "id": "ds7d77a84rvt6u12dssv",
            "labels": {},
            "name": "nginx-servers-target-group",
            "target": [
              {
                "ip_address": "192.168.10.20",
                "private_ipv4_address": false,
                "subnet_id": "e9bkjbq3jbfmdnfvn01i"
              },
              {
                "ip_address": "192.168.11.3",
                "private_ipv4_address": false,
                "subnet_id": "e2l0dvmnpbufphhklfa6"
              }
            ],
            "timeouts": null
          },
          "sensitive_attributes": [],
          "private": "eyJlMmJmYjczMC1lY2FhLTExZTYtOGY4OC0zNDM2M2JjN2M0YzAiOnsiY3JlYXRlIjozMDAwMDAwMDAwMDAsImRlbGV0ZSI6MzAwMDAwMDAwMDAwLCJ1cGRhdGUiOjMwMDAwMDAwMDAwMH19",
          "dependencies": [
            "yandex_compute_instance.vm-1",
            "yandex_compute_instance.vm-2",
            "yandex_vpc_network.network-1",
            "yandex_vpc_subnet.subnet1-zone-a",
            "yandex_vpc_subnet.subnet1-zone-b"
          ]
        }
      ]
    },
    {
      "mode": "managed",
      "type": "yandex_alb_virtual_host",
      "name": "nginx-virtual-host",
      "provider": "provider[\"registry.terraform.io/yandex-cloud/yandex\"]",
      "instances": [
        {
          "schema_version": 0,
          "attributes": {
            "authority": [],
            "http_router_id": "ds750s72igu4r1asg8sq",
            "id": "ds750s72igu4r1asg8sq/nginx-virtual-host",
            "modify_request_headers": [],
            "modify_response_headers": [],
            "name": "nginx-virtual-host",
            "route": [
              {
                "grpc_route": [],
                "http_route": [
                  {
                    "direct_response_action": [],
                    "http_match": [],
                    "http_route_action": [
                      {
                        "auto_host_rewrite": false,
                        "backend_group_id": "ds7b9pdusf68pluvv1mf",
                        "host_rewrite": "",
                        "idle_timeout": "",
                        "prefix_rewrite": "",
                        "timeout": "3s",
                        "upgrade_types": []
                      }
                    ],
                    "redirect_action": []
                  }
                ],
                "name": "my-route",
                "route_options": []
              }
            ],
            "route_options": [],
            "timeouts": null
          },
          "sensitive_attributes": [],
          "private": "eyJlMmJmYjczMC1lY2FhLTExZTYtOGY4OC0zNDM2M2JjN2M0YzAiOnsiY3JlYXRlIjozMDAwMDAwMDAwMDAsImRlbGV0ZSI6MzAwMDAwMDAwMDAwLCJ1cGRhdGUiOjMwMDAwMDAwMDAwMH19",
          "dependencies": [
            "yandex_alb_backend_group.test-backend-group",
            "yandex_alb_http_router.tf-router",
            "yandex_alb_target_group.nginx-servers",
            "yandex_compute_instance.vm-1",
            "yandex_compute_instance.vm-2",
            "yandex_vpc_network.network-1",
            "yandex_vpc_subnet.subnet1-zone-a",
            "yandex_vpc_subnet.subnet1-zone-b"
          ]
        }
      ]
    },
    {
      "mode": "managed",
      "type": "yandex_compute_instance",
      "name": "elastic",
      "provider": "provider[\"registry.terraform.io/yandex-cloud/yandex\"]",
      "instances": [
        {
          "schema_version": 1,
          "attributes": {
            "allow_recreate": null,
            "allow_stopping_for_update": null,
            "boot_disk": [
              {
                "auto_delete": true,
                "device_name": "fhmrreatb7qg9mdopga7",
                "disk_id": "fhmrreatb7qg9mdopga7",
                "initialize_params": [
                  {
                    "block_size": 4096,
                    "description": "",
                    "image_id": "fd8emvfmfoaordspe1jr",
                    "name": "",
                    "size": 15,
                    "snapshot_id": "",
                    "type": "network-hdd"
                  }
                ],
                "mode": "READ_WRITE"
              }
            ],
            "created_at": "2023-02-05T16:56:14Z",
            "description": "",
            "filesystem": [],
            "folder_id": "b1g2i4pvls75r31nscju",
            "fqdn": "fhmvjkk96ghreo502np2.auto.internal",
            "hostname": "",
            "id": "fhmvjkk96ghreo502np2",
            "labels": {},
            "local_disk": [],
            "metadata": {
              "user-data": "#cloud-config\nusers:\n- name: user\n  groups: sudo\n  shell: /bin/bash\n  sudo: ['ALL=(ALL) NOPASSWD:ALL']\n  ssh-authorized-keys:\n  - ssh-rsa AAAAB3NzaC1yc2EAAAADAQABAAABgQDoOL05gU398OgaDZOj7R8ymlWD8QkaRnLnDqAa6OLI7YAfV8RgPcuq+le5qBSlvzHdVen8aOGYBW6aVPxidzUsQRDGMIppMDtVRSiuWDTClVQBkElL7N4QGC750aaKoPEAr/DP1reSMljoyCtWPrXqHzPHkviKIrPFZEmJ2zdf3dEiFDvuAvFjv1Rh6RClWdPaZ0M6pkV02hsN3FtrQZuGRasQRssaYvClinhMcqxqtlDTKIXjSQUidVtGYuOXEY0OXXcaGHqUNrd77Nsd8oaig8pBC1/i30q9MJxr+ncXni9TMCt7GuxLTa1tXIKBkcy2/iB2aS5gk1pfVO5Y8hjaMGKirG+r7yUwD5qZkz78ZiFoQWsoWcc5pmSowAC6dyDeFZQ2IEYzSt2U5uhaOS+nmZhtxaqsNZiPZG/2/dsuuTci4Qe2rYnDKgsWSWp+1nKefRQFImESBtiaudj/d+eqSJ/f2Dy9MhMCTVIVrNp/XtaD7yLRSB/f+XX0SxZzHNs= \n"
            },
            "metadata_options": [
              {
                "aws_v1_http_endpoint": 1,
                "aws_v1_http_token": 1,
                "gce_http_endpoint": 1,
                "gce_http_token": 1
              }
            ],
            "name": "elastic",
            "network_acceleration_type": "standard",
            "network_interface": [
              {
                "dns_record": [],
                "index": 0,
                "ip_address": "192.168.10.32",
                "ipv4": true,
                "ipv6": false,
                "ipv6_address": "",
                "ipv6_dns_record": [],
                "mac_address": "d0:0d:1f:9d:28:93",
                "nat": true,
                "nat_dns_record": [],
                "nat_ip_address": "51.250.82.209",
                "nat_ip_version": "IPV4",
                "security_group_ids": [],
                "subnet_id": "e9bkjbq3jbfmdnfvn01i"
              }
            ],
            "placement_policy": [
              {
                "host_affinity_rules": [],
                "placement_group_id": ""
              }
            ],
            "platform_id": "standard-v1",
            "resources": [
              {
                "core_fraction": 100,
                "cores": 2,
                "gpus": 0,
                "memory": 4
              }
            ],
            "scheduling_policy": [
              {
                "preemptible": false
              }
            ],
            "secondary_disk": [],
            "service_account_id": "",
            "status": "running",
            "timeouts": null,
            "zone": "ru-central1-a"
          },
          "sensitive_attributes": [],
          "private": "eyJlMmJmYjczMC1lY2FhLTExZTYtOGY4OC0zNDM2M2JjN2M0YzAiOnsiY3JlYXRlIjozMDAwMDAwMDAwMDAsImRlbGV0ZSI6MzAwMDAwMDAwMDAwLCJ1cGRhdGUiOjMwMDAwMDAwMDAwMH0sInNjaGVtYV92ZXJzaW9uIjoiMSJ9",
          "dependencies": [
            "yandex_vpc_network.network-1",
            "yandex_vpc_subnet.subnet1-zone-a"
          ]
        }
      ]
    },
    {
      "mode": "managed",
      "type": "yandex_compute_instance",
      "name": "grafana",
      "provider": "provider[\"registry.terraform.io/yandex-cloud/yandex\"]",
      "instances": [
        {
          "schema_version": 1,
          "attributes": {
            "allow_recreate": null,
            "allow_stopping_for_update": null,
            "boot_disk": [
              {
                "auto_delete": true,
                "device_name": "fhmohr5mglj14so015cp",
                "disk_id": "fhmohr5mglj14so015cp",
                "initialize_params": [
                  {
                    "block_size": 4096,
                    "description": "",
                    "image_id": "fd8emvfmfoaordspe1jr",
                    "name": "",
                    "size": 5,
                    "snapshot_id": "",
                    "type": "network-hdd"
                  }
                ],
                "mode": "READ_WRITE"
              }
            ],
            "created_at": "2023-02-05T16:56:14Z",
            "description": "",
            "filesystem": [],
            "folder_id": "b1g2i4pvls75r31nscju",
            "fqdn": "fhm5vaqmm94jfnsltn7n.auto.internal",
            "hostname": "",
            "id": "fhm5vaqmm94jfnsltn7n",
            "labels": {},
            "local_disk": [],
            "metadata": {
              "user-data": "#cloud-config\nusers:\n- name: user\n  groups: sudo\n  shell: /bin/bash\n  sudo: ['ALL=(ALL) NOPASSWD:ALL']\n  ssh-authorized-keys:\n  - ssh-rsa AAAAB3NzaC1yc2EAAAADAQABAAABgQDoOL05gU398OgaDZOj7R8ymlWD8QkaRnLnDqAa6OLI7YAfV8RgPcuq+le5qBSlvzHdVen8aOGYBW6aVPxidzUsQRDGMIppMDtVRSiuWDTClVQBkElL7N4QGC750aaKoPEAr/DP1reSMljoyCtWPrXqHzPHkviKIrPFZEmJ2zdf3dEiFDvuAvFjv1Rh6RClWdPaZ0M6pkV02hsN3FtrQZuGRasQRssaYvClinhMcqxqtlDTKIXjSQUidVtGYuOXEY0OXXcaGHqUNrd77Nsd8oaig8pBC1/i30q9MJxr+ncXni9TMCt7GuxLTa1tXIKBkcy2/iB2aS5gk1pfVO5Y8hjaMGKirG+r7yUwD5qZkz78ZiFoQWsoWcc5pmSowAC6dyDeFZQ2IEYzSt2U5uhaOS+nmZhtxaqsNZiPZG/2/dsuuTci4Qe2rYnDKgsWSWp+1nKefRQFImESBtiaudj/d+eqSJ/f2Dy9MhMCTVIVrNp/XtaD7yLRSB/f+XX0SxZzHNs= \n"
            },
            "metadata_options": [
              {
                "aws_v1_http_endpoint": 1,
                "aws_v1_http_token": 1,
                "gce_http_endpoint": 1,
                "gce_http_token": 1
              }
            ],
            "name": "grafana",
            "network_acceleration_type": "standard",
            "network_interface": [
              {
                "dns_record": [],
                "index": 0,
                "ip_address": "192.168.10.18",
                "ipv4": true,
                "ipv6": false,
                "ipv6_address": "",
                "ipv6_dns_record": [],
                "mac_address": "d0:0d:5f:ab:56:b2",
                "nat": true,
                "nat_dns_record": [],
                "nat_ip_address": "158.160.32.150",
                "nat_ip_version": "IPV4",
                "security_group_ids": [],
                "subnet_id": "e9bkjbq3jbfmdnfvn01i"
              }
            ],
            "placement_policy": [
              {
                "host_affinity_rules": [],
                "placement_group_id": ""
              }
            ],
            "platform_id": "standard-v1",
            "resources": [
              {
                "core_fraction": 20,
                "cores": 2,
                "gpus": 0,
                "memory": 2
              }
            ],
            "scheduling_policy": [
              {
                "preemptible": false
              }
            ],
            "secondary_disk": [],
            "service_account_id": "",
            "status": "running",
            "timeouts": null,
            "zone": "ru-central1-a"
          },
          "sensitive_attributes": [],
          "private": "eyJlMmJmYjczMC1lY2FhLTExZTYtOGY4OC0zNDM2M2JjN2M0YzAiOnsiY3JlYXRlIjozMDAwMDAwMDAwMDAsImRlbGV0ZSI6MzAwMDAwMDAwMDAwLCJ1cGRhdGUiOjMwMDAwMDAwMDAwMH0sInNjaGVtYV92ZXJzaW9uIjoiMSJ9",
          "dependencies": [
            "yandex_vpc_network.network-1",
            "yandex_vpc_subnet.subnet1-zone-a"
          ]
        }
      ]
    },
    {
      "mode": "managed",
      "type": "yandex_compute_instance",
      "name": "kibana",
      "provider": "provider[\"registry.terraform.io/yandex-cloud/yandex\"]",
      "instances": [
        {
          "schema_version": 1,
          "attributes": {
            "allow_recreate": null,
            "allow_stopping_for_update": null,
            "boot_disk": [
              {
                "auto_delete": true,
                "device_name": "fhm6bio28ja26qhq39j6",
                "disk_id": "fhm6bio28ja26qhq39j6",
                "initialize_params": [
                  {
                    "block_size": 4096,
                    "description": "",
                    "image_id": "fd8emvfmfoaordspe1jr",
                    "name": "",
                    "size": 10,
                    "snapshot_id": "",
                    "type": "network-hdd"
                  }
                ],
                "mode": "READ_WRITE"
              }
            ],
            "created_at": "2023-02-05T16:56:14Z",
            "description": "",
            "filesystem": [],
            "folder_id": "b1g2i4pvls75r31nscju",
            "fqdn": "fhmoghakpk6jer7u3up8.auto.internal",
            "hostname": "",
            "id": "fhmoghakpk6jer7u3up8",
            "labels": {},
            "local_disk": [],
            "metadata": {
              "user-data": "#cloud-config\nusers:\n- name: user\n  groups: sudo\n  shell: /bin/bash\n  sudo: ['ALL=(ALL) NOPASSWD:ALL']\n  ssh-authorized-keys:\n  - ssh-rsa AAAAB3NzaC1yc2EAAAADAQABAAABgQDoOL05gU398OgaDZOj7R8ymlWD8QkaRnLnDqAa6OLI7YAfV8RgPcuq+le5qBSlvzHdVen8aOGYBW6aVPxidzUsQRDGMIppMDtVRSiuWDTClVQBkElL7N4QGC750aaKoPEAr/DP1reSMljoyCtWPrXqHzPHkviKIrPFZEmJ2zdf3dEiFDvuAvFjv1Rh6RClWdPaZ0M6pkV02hsN3FtrQZuGRasQRssaYvClinhMcqxqtlDTKIXjSQUidVtGYuOXEY0OXXcaGHqUNrd77Nsd8oaig8pBC1/i30q9MJxr+ncXni9TMCt7GuxLTa1tXIKBkcy2/iB2aS5gk1pfVO5Y8hjaMGKirG+r7yUwD5qZkz78ZiFoQWsoWcc5pmSowAC6dyDeFZQ2IEYzSt2U5uhaOS+nmZhtxaqsNZiPZG/2/dsuuTci4Qe2rYnDKgsWSWp+1nKefRQFImESBtiaudj/d+eqSJ/f2Dy9MhMCTVIVrNp/XtaD7yLRSB/f+XX0SxZzHNs= \n"
            },
            "metadata_options": [
              {
                "aws_v1_http_endpoint": 1,
                "aws_v1_http_token": 1,
                "gce_http_endpoint": 1,
                "gce_http_token": 1
              }
            ],
            "name": "kibana",
            "network_acceleration_type": "standard",
            "network_interface": [
              {
                "dns_record": [],
                "index": 0,
                "ip_address": "192.168.10.13",
                "ipv4": true,
                "ipv6": false,
                "ipv6_address": "",
                "ipv6_dns_record": [],
                "mac_address": "d0:0d:18:84:55:4c",
                "nat": true,
                "nat_dns_record": [],
                "nat_ip_address": "158.160.58.249",
                "nat_ip_version": "IPV4",
                "security_group_ids": [],
                "subnet_id": "e9bkjbq3jbfmdnfvn01i"
              }
            ],
            "placement_policy": [
              {
                "host_affinity_rules": [],
                "placement_group_id": ""
              }
            ],
            "platform_id": "standard-v1",
            "resources": [
              {
                "core_fraction": 20,
                "cores": 2,
                "gpus": 0,
                "memory": 2
              }
            ],
            "scheduling_policy": [
              {
                "preemptible": false
              }
            ],
            "secondary_disk": [],
            "service_account_id": "",
            "status": "running",
            "timeouts": null,
            "zone": "ru-central1-a"
          },
          "sensitive_attributes": [],
          "private": "eyJlMmJmYjczMC1lY2FhLTExZTYtOGY4OC0zNDM2M2JjN2M0YzAiOnsiY3JlYXRlIjozMDAwMDAwMDAwMDAsImRlbGV0ZSI6MzAwMDAwMDAwMDAwLCJ1cGRhdGUiOjMwMDAwMDAwMDAwMH0sInNjaGVtYV92ZXJzaW9uIjoiMSJ9",
          "dependencies": [
            "yandex_vpc_network.network-1",
            "yandex_vpc_subnet.subnet1-zone-a"
          ]
        }
      ]
    },
    {
      "mode": "managed",
      "type": "yandex_compute_instance",
      "name": "prometheus",
      "provider": "provider[\"registry.terraform.io/yandex-cloud/yandex\"]",
      "instances": [
        {
          "schema_version": 1,
          "attributes": {
            "allow_recreate": null,
            "allow_stopping_for_update": null,
            "boot_disk": [
              {
                "auto_delete": true,
                "device_name": "fhmlrvl7vgeqjltker9q",
                "disk_id": "fhmlrvl7vgeqjltker9q",
                "initialize_params": [
                  {
                    "block_size": 4096,
                    "description": "",
                    "image_id": "fd8emvfmfoaordspe1jr",
                    "name": "",
                    "size": 15,
                    "snapshot_id": "",
                    "type": "network-hdd"
                  }
                ],
                "mode": "READ_WRITE"
              }
            ],
            "created_at": "2023-02-05T16:56:14Z",
            "description": "",
            "filesystem": [],
            "folder_id": "b1g2i4pvls75r31nscju",
            "fqdn": "fhm4mr25cm671safd7dd.auto.internal",
            "hostname": "",
            "id": "fhm4mr25cm671safd7dd",
            "labels": {},
            "local_disk": [],
            "metadata": {
              "user-data": "#cloud-config\nusers:\n- name: user\n  groups: sudo\n  shell: /bin/bash\n  sudo: ['ALL=(ALL) NOPASSWD:ALL']\n  ssh-authorized-keys:\n  - ssh-rsa AAAAB3NzaC1yc2EAAAADAQABAAABgQDoOL05gU398OgaDZOj7R8ymlWD8QkaRnLnDqAa6OLI7YAfV8RgPcuq+le5qBSlvzHdVen8aOGYBW6aVPxidzUsQRDGMIppMDtVRSiuWDTClVQBkElL7N4QGC750aaKoPEAr/DP1reSMljoyCtWPrXqHzPHkviKIrPFZEmJ2zdf3dEiFDvuAvFjv1Rh6RClWdPaZ0M6pkV02hsN3FtrQZuGRasQRssaYvClinhMcqxqtlDTKIXjSQUidVtGYuOXEY0OXXcaGHqUNrd77Nsd8oaig8pBC1/i30q9MJxr+ncXni9TMCt7GuxLTa1tXIKBkcy2/iB2aS5gk1pfVO5Y8hjaMGKirG+r7yUwD5qZkz78ZiFoQWsoWcc5pmSowAC6dyDeFZQ2IEYzSt2U5uhaOS+nmZhtxaqsNZiPZG/2/dsuuTci4Qe2rYnDKgsWSWp+1nKefRQFImESBtiaudj/d+eqSJ/f2Dy9MhMCTVIVrNp/XtaD7yLRSB/f+XX0SxZzHNs= \n"
            },
            "metadata_options": [
              {
                "aws_v1_http_endpoint": 1,
                "aws_v1_http_token": 1,
                "gce_http_endpoint": 1,
                "gce_http_token": 1
              }
            ],
            "name": "prometheus",
            "network_acceleration_type": "standard",
            "network_interface": [
              {
                "dns_record": [],
                "index": 0,
                "ip_address": "192.168.10.31",
                "ipv4": true,
                "ipv6": false,
                "ipv6_address": "",
                "ipv6_dns_record": [],
                "mac_address": "d0:0d:4b:6c:45:65",
                "nat": true,
                "nat_dns_record": [],
                "nat_ip_address": "158.160.37.198",
                "nat_ip_version": "IPV4",
                "security_group_ids": [],
                "subnet_id": "e9bkjbq3jbfmdnfvn01i"
              }
            ],
            "placement_policy": [
              {
                "host_affinity_rules": [],
                "placement_group_id": ""
              }
            ],
            "platform_id": "standard-v1",
            "resources": [
              {
                "core_fraction": 20,
                "cores": 2,
                "gpus": 0,
                "memory": 2
              }
            ],
            "scheduling_policy": [
              {
                "preemptible": false
              }
            ],
            "secondary_disk": [],
            "service_account_id": "",
            "status": "running",
            "timeouts": null,
            "zone": "ru-central1-a"
          },
          "sensitive_attributes": [],
          "private": "eyJlMmJmYjczMC1lY2FhLTExZTYtOGY4OC0zNDM2M2JjN2M0YzAiOnsiY3JlYXRlIjozMDAwMDAwMDAwMDAsImRlbGV0ZSI6MzAwMDAwMDAwMDAwLCJ1cGRhdGUiOjMwMDAwMDAwMDAwMH0sInNjaGVtYV92ZXJzaW9uIjoiMSJ9",
          "dependencies": [
            "yandex_vpc_network.network-1",
            "yandex_vpc_subnet.subnet1-zone-a"
          ]
        }
      ]
    },
    {
      "mode": "managed",
      "type": "yandex_compute_instance",
      "name": "vm-1",
      "provider": "provider[\"registry.terraform.io/yandex-cloud/yandex\"]",
      "instances": [
        {
          "schema_version": 1,
          "attributes": {
            "allow_recreate": null,
            "allow_stopping_for_update": null,
            "boot_disk": [
              {
                "auto_delete": true,
                "device_name": "fhm6j319evd3prn772dc",
                "disk_id": "fhm6j319evd3prn772dc",
                "initialize_params": [
                  {
                    "block_size": 4096,
                    "description": "",
                    "image_id": "fd8jvcoeij6u9se84dt5",
                    "name": "",
                    "size": 10,
                    "snapshot_id": "",
                    "type": "network-hdd"
                  }
                ],
                "mode": "READ_WRITE"
              }
            ],
            "created_at": "2023-02-05T16:56:14Z",
            "description": "",
            "filesystem": [],
            "folder_id": "b1g2i4pvls75r31nscju",
            "fqdn": "fhmr4aubbg8vhrsa234b.auto.internal",
            "hostname": "",
            "id": "fhmr4aubbg8vhrsa234b",
            "labels": {},
            "local_disk": [],
            "metadata": {
              "user-data": "#cloud-config\nusers:\n- name: user\n  groups: sudo\n  shell: /bin/bash\n  sudo: ['ALL=(ALL) NOPASSWD:ALL']\n  ssh-authorized-keys:\n  - ssh-rsa AAAAB3NzaC1yc2EAAAADAQABAAABgQDoOL05gU398OgaDZOj7R8ymlWD8QkaRnLnDqAa6OLI7YAfV8RgPcuq+le5qBSlvzHdVen8aOGYBW6aVPxidzUsQRDGMIppMDtVRSiuWDTClVQBkElL7N4QGC750aaKoPEAr/DP1reSMljoyCtWPrXqHzPHkviKIrPFZEmJ2zdf3dEiFDvuAvFjv1Rh6RClWdPaZ0M6pkV02hsN3FtrQZuGRasQRssaYvClinhMcqxqtlDTKIXjSQUidVtGYuOXEY0OXXcaGHqUNrd77Nsd8oaig8pBC1/i30q9MJxr+ncXni9TMCt7GuxLTa1tXIKBkcy2/iB2aS5gk1pfVO5Y8hjaMGKirG+r7yUwD5qZkz78ZiFoQWsoWcc5pmSowAC6dyDeFZQ2IEYzSt2U5uhaOS+nmZhtxaqsNZiPZG/2/dsuuTci4Qe2rYnDKgsWSWp+1nKefRQFImESBtiaudj/d+eqSJ/f2Dy9MhMCTVIVrNp/XtaD7yLRSB/f+XX0SxZzHNs= \n"
            },
            "metadata_options": [
              {
                "aws_v1_http_endpoint": 1,
                "aws_v1_http_token": 1,
                "gce_http_endpoint": 1,
                "gce_http_token": 1
              }
            ],
            "name": "nginx1",
            "network_acceleration_type": "standard",
            "network_interface": [
              {
                "dns_record": [],
                "index": 0,
                "ip_address": "192.168.10.20",
                "ipv4": true,
                "ipv6": false,
                "ipv6_address": "",
                "ipv6_dns_record": [],
                "mac_address": "d0:0d:1b:22:bc:b5",
                "nat": true,
                "nat_dns_record": [],
                "nat_ip_address": "84.252.129.81",
                "nat_ip_version": "IPV4",
                "security_group_ids": [],
                "subnet_id": "e9bkjbq3jbfmdnfvn01i"
              }
            ],
            "placement_policy": [
              {
                "host_affinity_rules": [],
                "placement_group_id": ""
              }
            ],
            "platform_id": "standard-v1",
            "resources": [
              {
                "core_fraction": 20,
                "cores": 2,
                "gpus": 0,
                "memory": 2
              }
            ],
            "scheduling_policy": [
              {
                "preemptible": false
              }
            ],
            "secondary_disk": [],
            "service_account_id": "",
            "status": "running",
            "timeouts": null,
            "zone": "ru-central1-a"
          },
          "sensitive_attributes": [],
          "private": "eyJlMmJmYjczMC1lY2FhLTExZTYtOGY4OC0zNDM2M2JjN2M0YzAiOnsiY3JlYXRlIjozMDAwMDAwMDAwMDAsImRlbGV0ZSI6MzAwMDAwMDAwMDAwLCJ1cGRhdGUiOjMwMDAwMDAwMDAwMH0sInNjaGVtYV92ZXJzaW9uIjoiMSJ9",
          "dependencies": [
            "yandex_vpc_network.network-1",
            "yandex_vpc_subnet.subnet1-zone-a"
          ]
        }
      ]
    },
    {
      "mode": "managed",
      "type": "yandex_compute_instance",
      "name": "vm-2",
      "provider": "provider[\"registry.terraform.io/yandex-cloud/yandex\"]",
      "instances": [
        {
          "schema_version": 1,
          "attributes": {
            "allow_recreate": null,
            "allow_stopping_for_update": null,
            "boot_disk": [
              {
                "auto_delete": true,
                "device_name": "epds1sdgh9es3jjrcb0m",
                "disk_id": "epds1sdgh9es3jjrcb0m",
                "initialize_params": [
                  {
                    "block_size": 4096,
                    "description": "",
                    "image_id": "fd8jvcoeij6u9se84dt5",
                    "name": "",
                    "size": 10,
                    "snapshot_id": "",
                    "type": "network-hdd"
                  }
                ],
                "mode": "READ_WRITE"
              }
            ],
            "created_at": "2023-02-05T16:56:14Z",
            "description": "",
            "filesystem": [],
            "folder_id": "b1g2i4pvls75r31nscju",
            "fqdn": "epdfceaa8de5m3snebjf.auto.internal",
            "hostname": "",
            "id": "epdfceaa8de5m3snebjf",
            "labels": {},
            "local_disk": [],
            "metadata": {
              "user-data": "#cloud-config\nusers:\n- name: user\n  groups: sudo\n  shell: /bin/bash\n  sudo: ['ALL=(ALL) NOPASSWD:ALL']\n  ssh-authorized-keys:\n  - ssh-rsa AAAAB3NzaC1yc2EAAAADAQABAAABgQDoOL05gU398OgaDZOj7R8ymlWD8QkaRnLnDqAa6OLI7YAfV8RgPcuq+le5qBSlvzHdVen8aOGYBW6aVPxidzUsQRDGMIppMDtVRSiuWDTClVQBkElL7N4QGC750aaKoPEAr/DP1reSMljoyCtWPrXqHzPHkviKIrPFZEmJ2zdf3dEiFDvuAvFjv1Rh6RClWdPaZ0M6pkV02hsN3FtrQZuGRasQRssaYvClinhMcqxqtlDTKIXjSQUidVtGYuOXEY0OXXcaGHqUNrd77Nsd8oaig8pBC1/i30q9MJxr+ncXni9TMCt7GuxLTa1tXIKBkcy2/iB2aS5gk1pfVO5Y8hjaMGKirG+r7yUwD5qZkz78ZiFoQWsoWcc5pmSowAC6dyDeFZQ2IEYzSt2U5uhaOS+nmZhtxaqsNZiPZG/2/dsuuTci4Qe2rYnDKgsWSWp+1nKefRQFImESBtiaudj/d+eqSJ/f2Dy9MhMCTVIVrNp/XtaD7yLRSB/f+XX0SxZzHNs= \n"
            },
            "metadata_options": [
              {
                "aws_v1_http_endpoint": 1,
                "aws_v1_http_token": 1,
                "gce_http_endpoint": 1,
                "gce_http_token": 1
              }
            ],
            "name": "nginx2",
            "network_acceleration_type": "standard",
            "network_interface": [
              {
                "dns_record": [],
                "index": 0,
                "ip_address": "192.168.11.3",
                "ipv4": true,
                "ipv6": false,
                "ipv6_address": "",
                "ipv6_dns_record": [],
                "mac_address": "d0:0d:f6:39:4a:43",
                "nat": true,
                "nat_dns_record": [],
                "nat_ip_address": "51.250.102.184",
                "nat_ip_version": "IPV4",
                "security_group_ids": [],
                "subnet_id": "e2l0dvmnpbufphhklfa6"
              }
            ],
            "placement_policy": [
              {
                "host_affinity_rules": [],
                "placement_group_id": ""
              }
            ],
            "platform_id": "standard-v1",
            "resources": [
              {
                "core_fraction": 20,
                "cores": 2,
                "gpus": 0,
                "memory": 2
              }
            ],
            "scheduling_policy": [
              {
                "preemptible": false
              }
            ],
            "secondary_disk": [],
            "service_account_id": "",
            "status": "running",
            "timeouts": null,
            "zone": "ru-central1-b"
          },
          "sensitive_attributes": [],
          "private": "eyJlMmJmYjczMC1lY2FhLTExZTYtOGY4OC0zNDM2M2JjN2M0YzAiOnsiY3JlYXRlIjozMDAwMDAwMDAwMDAsImRlbGV0ZSI6MzAwMDAwMDAwMDAwLCJ1cGRhdGUiOjMwMDAwMDAwMDAwMH0sInNjaGVtYV92ZXJzaW9uIjoiMSJ9",
          "dependencies": [
            "yandex_vpc_network.network-1",
            "yandex_vpc_subnet.subnet1-zone-b"
          ]
        }
      ]
    },
    {
      "mode": "managed",
      "type": "yandex_vpc_network",
      "name": "network-1",
      "provider": "provider[\"registry.terraform.io/yandex-cloud/yandex\"]",
      "instances": [
        {
          "schema_version": 0,
          "attributes": {
            "created_at": "2023-02-05T16:56:12Z",
            "default_security_group_id": "",
            "description": "",
            "folder_id": "b1g2i4pvls75r31nscju",
            "id": "enp6o7co7ron9kb53vof",
            "labels": {},
            "name": "network-1",
            "subnet_ids": [
              "e2l0dvmnpbufphhklfa6",
              "e9bkjbq3jbfmdnfvn01i"
            ],
            "timeouts": null
          },
          "sensitive_attributes": [],
          "private": "eyJlMmJmYjczMC1lY2FhLTExZTYtOGY4OC0zNDM2M2JjN2M0YzAiOnsiY3JlYXRlIjo2MDAwMDAwMDAwMCwiZGVsZXRlIjo2MDAwMDAwMDAwMCwidXBkYXRlIjo2MDAwMDAwMDAwMH19"
        }
      ]
    },
    {
      "mode": "managed",
      "type": "yandex_vpc_subnet",
      "name": "subnet1-zone-a",
      "provider": "provider[\"registry.terraform.io/yandex-cloud/yandex\"]",
      "instances": [
        {
          "schema_version": 0,
          "attributes": {
            "created_at": "2023-02-05T16:56:13Z",
            "description": "",
            "dhcp_options": [],
            "folder_id": "b1g2i4pvls75r31nscju",
            "id": "e9bkjbq3jbfmdnfvn01i",
            "labels": {},
            "name": "subnet1",
            "network_id": "enp6o7co7ron9kb53vof",
            "route_table_id": "",
            "timeouts": null,
            "v4_cidr_blocks": [
              "192.168.10.0/24"
            ],
            "v6_cidr_blocks": [],
            "zone": "ru-central1-a"
          },
          "sensitive_attributes": [],
          "private": "eyJlMmJmYjczMC1lY2FhLTExZTYtOGY4OC0zNDM2M2JjN2M0YzAiOnsiY3JlYXRlIjoxODAwMDAwMDAwMDAsImRlbGV0ZSI6MTgwMDAwMDAwMDAwLCJ1cGRhdGUiOjE4MDAwMDAwMDAwMH19",
          "dependencies": [
            "yandex_vpc_network.network-1"
          ]
        }
      ]
    },
    {
      "mode": "managed",
      "type": "yandex_vpc_subnet",
      "name": "subnet1-zone-b",
      "provider": "provider[\"registry.terraform.io/yandex-cloud/yandex\"]",
      "instances": [
        {
          "schema_version": 0,
          "attributes": {
            "created_at": "2023-02-05T16:56:13Z",
            "description": "",
            "dhcp_options": [],
            "folder_id": "b1g2i4pvls75r31nscju",
            "id": "e2l0dvmnpbufphhklfa6",
            "labels": {},
            "name": "subnet2",
            "network_id": "enp6o7co7ron9kb53vof",
            "route_table_id": "",
            "timeouts": null,
            "v4_cidr_blocks": [
              "192.168.11.0/24"
            ],
            "v6_cidr_blocks": [],
            "zone": "ru-central1-b"
          },
          "sensitive_attributes": [],
          "private": "eyJlMmJmYjczMC1lY2FhLTExZTYtOGY4OC0zNDM2M2JjN2M0YzAiOnsiY3JlYXRlIjoxODAwMDAwMDAwMDAsImRlbGV0ZSI6MTgwMDAwMDAwMDAwLCJ1cGRhdGUiOjE4MDAwMDAwMDAwMH19",
          "dependencies": [
            "yandex_vpc_network.network-1"
          ]
        }
      ]
    }
  ]
}
