{
  "version": 4,
  "terraform_version": "1.3.6",
  "serial": 45,
  "lineage": "d12244e3-ef5d-b9bb-5ec7-3b5d21a2c16e",
  "outputs": {
    "external_ip_address_lb": {
      "value": [
        {
          "allocation_policy": [
            {
              "location": [
                {
                  "disable_traffic": false,
                  "subnet_id": "e2lq0mu84mq7ng7cqjhm",
                  "zone_id": "ru-central1-b"
                },
                {
                  "disable_traffic": false,
                  "subnet_id": "e9b6ajsf4ma0h8uv4cj7",
                  "zone_id": "ru-central1-a"
                }
              ]
            }
          ],
          "created_at": "2023-01-01T14:33:43Z",
          "description": "",
          "folder_id": "b1g2i4pvls75r31nscju",
          "id": "ds72ouke403hnd6981nr",
          "labels": null,
          "listener": [
            {
              "endpoint": [
                {
                  "address": [
                    {
                      "external_ipv4_address": [
                        {
                          "address": "84.201.135.47"
                        }
                      ],
                      "external_ipv6_address": [],
                      "internal_ipv4_address": []
                    }
                  ],
                  "ports": [
                    80
                  ]
                }
              ],
              "http": [
                {
                  "handler": [
                    {
                      "allow_http10": false,
                      "http2_options": [],
                      "http_router_id": "ds768riht313uu58gnua"
                    }
                  ],
                  "redirects": []
                }
              ],
              "name": "test-listener",
              "stream": [],
              "tls": []
            }
          ],
          "log_group_id": "ckgjfd0ou8bcb9d6vpub",
          "log_options": [],
          "name": "nginx-balancer",
          "network_id": "enphjk0v2d0t4smhko2v",
          "region_id": "",
          "security_group_ids": null,
          "status": "active",
          "timeouts": null
        }
      ],
      "type": [
        "tuple",
        [
          [
            "object",
            {
              "allocation_policy": [
                "list",
                [
                  "object",
                  {
                    "location": [
                      "set",
                      [
                        "object",
                        {
                          "disable_traffic": "bool",
                          "subnet_id": "string",
                          "zone_id": "string"
                        }
                      ]
                    ]
                  }
                ]
              ],
              "created_at": "string",
              "description": "string",
              "folder_id": "string",
              "id": "string",
              "labels": [
                "map",
                "string"
              ],
              "listener": [
                "list",
                [
                  "object",
                  {
                    "endpoint": [
                      "list",
                      [
                        "object",
                        {
                          "address": [
                            "list",
                            [
                              "object",
                              {
                                "external_ipv4_address": [
                                  "list",
                                  [
                                    "object",
                                    {
                                      "address": "string"
                                    }
                                  ]
                                ],
                                "external_ipv6_address": [
                                  "list",
                                  [
                                    "object",
                                    {
                                      "address": "string"
                                    }
                                  ]
                                ],
                                "internal_ipv4_address": [
                                  "list",
                                  [
                                    "object",
                                    {
                                      "address": "string",
                                      "subnet_id": "string"
                                    }
                                  ]
                                ]
                              }
                            ]
                          ],
                          "ports": [
                            "list",
                            "number"
                          ]
                        }
                      ]
                    ],
                    "http": [
                      "list",
                      [
                        "object",
                        {
                          "handler": [
                            "list",
                            [
                              "object",
                              {
                                "allow_http10": "bool",
                                "http2_options": [
                                  "list",
                                  [
                                    "object",
                                    {
                                      "max_concurrent_streams": "number"
                                    }
                                  ]
                                ],
                                "http_router_id": "string"
                              }
                            ]
                          ],
                          "redirects": [
                            "list",
                            [
                              "object",
                              {
                                "http_to_https": "bool"
                              }
                            ]
                          ]
                        }
                      ]
                    ],
                    "name": "string",
                    "stream": [
                      "list",
                      [
                        "object",
                        {
                          "handler": [
                            "list",
                            [
                              "object",
                              {
                                "backend_group_id": "string"
                              }
                            ]
                          ]
                        }
                      ]
                    ],
                    "tls": [
                      "list",
                      [
                        "object",
                        {
                          "default_handler": [
                            "list",
                            [
                              "object",
                              {
                                "certificate_ids": [
                                  "set",
                                  "string"
                                ],
                                "http_handler": [
                                  "list",
                                  [
                                    "object",
                                    {
                                      "allow_http10": "bool",
                                      "http2_options": [
                                        "list",
                                        [
                                          "object",
                                          {
                                            "max_concurrent_streams": "number"
                                          }
                                        ]
                                      ],
                                      "http_router_id": "string"
                                    }
                                  ]
                                ],
                                "stream_handler": [
                                  "list",
                                  [
                                    "object",
                                    {
                                      "backend_group_id": "string"
                                    }
                                  ]
                                ]
                              }
                            ]
                          ],
                          "sni_handler": [
                            "list",
                            [
                              "object",
                              {
                                "handler": [
                                  "list",
                                  [
                                    "object",
                                    {
                                      "certificate_ids": [
                                        "set",
                                        "string"
                                      ],
                                      "http_handler": [
                                        "list",
                                        [
                                          "object",
                                          {
                                            "allow_http10": "bool",
                                            "http2_options": [
                                              "list",
                                              [
                                                "object",
                                                {
                                                  "max_concurrent_streams": "number"
                                                }
                                              ]
                                            ],
                                            "http_router_id": "string"
                                          }
                                        ]
                                      ],
                                      "stream_handler": [
                                        "list",
                                        [
                                          "object",
                                          {
                                            "backend_group_id": "string"
                                          }
                                        ]
                                      ]
                                    }
                                  ]
                                ],
                                "name": "string",
                                "server_names": [
                                  "set",
                                  "string"
                                ]
                              }
                            ]
                          ]
                        }
                      ]
                    ]
                  }
                ]
              ],
              "log_group_id": "string",
              "log_options": [
                "list",
                [
                  "object",
                  {
                    "disable": "bool",
                    "discard_rule": [
                      "list",
                      [
                        "object",
                        {
                          "discard_percent": "number",
                          "grpc_codes": [
                            "list",
                            "string"
                          ],
                          "http_code_intervals": [
                            "list",
                            "string"
                          ],
                          "http_codes": [
                            "list",
                            "number"
                          ]
                        }
                      ]
                    ],
                    "log_group_id": "string"
                  }
                ]
              ],
              "name": "string",
              "network_id": "string",
              "region_id": "string",
              "security_group_ids": [
                "set",
                "string"
              ],
              "status": "string",
              "timeouts": [
                "object",
                {
                  "create": "string",
                  "delete": "string",
                  "update": "string"
                }
              ]
            }
          ]
        ]
      ]
    },
    "external_ip_address_vm_1": {
      "value": "51.250.13.65",
      "type": "string"
    },
    "external_ip_address_vm_2": {
      "value": "51.250.21.253",
      "type": "string"
    },
    "internal_ip_address_vm_1": {
      "value": "192.168.10.8",
      "type": "string"
    },
    "internal_ip_address_vm_2": {
      "value": "192.168.11.16",
      "type": "string"
    }
  },
  "resources": [
    {
      "mode": "managed",
      "type": "yandex_alb_backend_group",
      "name": "test-backend-group",
      "provider": "provider[\"registry.terraform.io/yandex-cloud/yandex\"]",
      "instances": [
        {
          "schema_version": 0,
          "attributes": {
            "created_at": "2023-01-01T14:34:22Z",
            "description": "",
            "folder_id": "b1g2i4pvls75r31nscju",
            "grpc_backend": [],
            "http_backend": [
              {
                "healthcheck": [
                  {
                    "grpc_healthcheck": [],
                    "healthcheck_port": 0,
                    "healthy_threshold": 10,
                    "http_healthcheck": [
                      {
                        "host": "",
                        "http2": false,
                        "path": "/"
                      }
                    ],
                    "interval": "2s",
                    "interval_jitter_percent": 0,
                    "stream_healthcheck": [],
                    "timeout": "10s",
                    "unhealthy_threshold": 15
                  }
                ],
                "http2": false,
                "load_balancing_config": [
                  {
                    "locality_aware_routing_percent": 0,
                    "mode": "ROUND_ROBIN",
                    "panic_threshold": 90,
                    "strict_locality": false
                  }
                ],
                "name": "nginx-servers-backend",
                "port": 80,
                "storage_bucket": "",
                "target_group_ids": [
                  "ds7ckrsg17i2ehfiq9ar"
                ],
                "tls": [],
                "weight": 1
              }
            ],
            "id": "ds7ulejhsarq5sv83ftp",
            "labels": null,
            "name": "nginx-servers-backend-group",
            "session_affinity": [],
            "stream_backend": [],
            "timeouts": null
          },
          "sensitive_attributes": [],
          "private": "eyJlMmJmYjczMC1lY2FhLTExZTYtOGY4OC0zNDM2M2JjN2M0YzAiOnsiY3JlYXRlIjozMDAwMDAwMDAwMDAsImRlbGV0ZSI6MzAwMDAwMDAwMDAwLCJ1cGRhdGUiOjMwMDAwMDAwMDAwMH19",
          "dependencies": [
            "yandex_alb_target_group.nginx-servers",
            "yandex_compute_instance.vm-1",
            "yandex_compute_instance.vm-2",
            "yandex_vpc_network.network-1",
            "yandex_vpc_subnet.subnet1-zone-a",
            "yandex_vpc_subnet.subnet1-zone-b"
          ]
        }
      ]
    },
    {
      "mode": "managed",
      "type": "yandex_alb_http_router",
      "name": "tf-router",
      "provider": "provider[\"registry.terraform.io/yandex-cloud/yandex\"]",
      "instances": [
        {
          "schema_version": 0,
          "attributes": {
            "created_at": "2023-01-01T14:33:40Z",
            "description": "",
            "folder_id": "b1g2i4pvls75r31nscju",
            "id": "ds768riht313uu58gnua",
            "labels": null,
            "name": "http-nginx-router",
            "route_options": [],
            "timeouts": null
          },
          "sensitive_attributes": [],
          "private": "eyJlMmJmYjczMC1lY2FhLTExZTYtOGY4OC0zNDM2M2JjN2M0YzAiOnsiY3JlYXRlIjozMDAwMDAwMDAwMDAsImRlbGV0ZSI6MzAwMDAwMDAwMDAwLCJ1cGRhdGUiOjMwMDAwMDAwMDAwMH19"
        }
      ]
    },
    {
      "mode": "managed",
      "type": "yandex_alb_load_balancer",
      "name": "nginx-balancer",
      "provider": "provider[\"registry.terraform.io/yandex-cloud/yandex\"]",
      "instances": [
        {
          "schema_version": 0,
          "attributes": {
            "allocation_policy": [
              {
                "location": [
                  {
                    "disable_traffic": false,
                    "subnet_id": "e2lq0mu84mq7ng7cqjhm",
                    "zone_id": "ru-central1-b"
                  },
                  {
                    "disable_traffic": false,
                    "subnet_id": "e9b6ajsf4ma0h8uv4cj7",
                    "zone_id": "ru-central1-a"
                  }
                ]
              }
            ],
            "created_at": "2023-01-01T14:33:43Z",
            "description": "",
            "folder_id": "b1g2i4pvls75r31nscju",
            "id": "ds72ouke403hnd6981nr",
            "labels": null,
            "listener": [
              {
                "endpoint": [
                  {
                    "address": [
                      {
                        "external_ipv4_address": [
                          {
                            "address": "84.201.135.47"
                          }
                        ],
                        "external_ipv6_address": [],
                        "internal_ipv4_address": []
                      }
                    ],
                    "ports": [
                      80
                    ]
                  }
                ],
                "http": [
                  {
                    "handler": [
                      {
                        "allow_http10": false,
                        "http2_options": [],
                        "http_router_id": "ds768riht313uu58gnua"
                      }
                    ],
                    "redirects": []
                  }
                ],
                "name": "test-listener",
                "stream": [],
                "tls": []
              }
            ],
            "log_group_id": "ckgjfd0ou8bcb9d6vpub",
            "log_options": [],
            "name": "nginx-balancer",
            "network_id": "enphjk0v2d0t4smhko2v",
            "region_id": "",
            "security_group_ids": null,
            "status": "active",
            "timeouts": null
          },
          "sensitive_attributes": [],
          "private": "eyJlMmJmYjczMC1lY2FhLTExZTYtOGY4OC0zNDM2M2JjN2M0YzAiOnsiY3JlYXRlIjo2MDAwMDAwMDAwMDAsImRlbGV0ZSI6NjAwMDAwMDAwMDAwLCJ1cGRhdGUiOjYwMDAwMDAwMDAwMH19",
          "dependencies": [
            "yandex_alb_http_router.tf-router",
            "yandex_vpc_network.network-1",
            "yandex_vpc_subnet.subnet1-zone-a",
            "yandex_vpc_subnet.subnet1-zone-b"
          ]
        }
      ]
    },
    {
      "mode": "managed",
      "type": "yandex_alb_target_group",
      "name": "nginx-servers",
      "provider": "provider[\"registry.terraform.io/yandex-cloud/yandex\"]",
      "instances": [
        {
          "schema_version": 0,
          "attributes": {
            "created_at": "2023-01-01T14:34:22Z",
            "description": "",
            "folder_id": "b1g2i4pvls75r31nscju",
            "id": "ds7ckrsg17i2ehfiq9ar",
            "labels": null,
            "name": "nginx-servers-target-group",
            "target": [
              {
                "ip_address": "192.168.10.8",
                "private_ipv4_address": false,
                "subnet_id": "e9b6ajsf4ma0h8uv4cj7"
              },
              {
                "ip_address": "192.168.11.16",
                "private_ipv4_address": false,
                "subnet_id": "e2lq0mu84mq7ng7cqjhm"
              }
            ],
            "timeouts": null
          },
          "sensitive_attributes": [],
          "private": "eyJlMmJmYjczMC1lY2FhLTExZTYtOGY4OC0zNDM2M2JjN2M0YzAiOnsiY3JlYXRlIjozMDAwMDAwMDAwMDAsImRlbGV0ZSI6MzAwMDAwMDAwMDAwLCJ1cGRhdGUiOjMwMDAwMDAwMDAwMH19",
          "dependencies": [
            "yandex_compute_instance.vm-1",
            "yandex_compute_instance.vm-2",
            "yandex_vpc_network.network-1",
            "yandex_vpc_subnet.subnet1-zone-a",
            "yandex_vpc_subnet.subnet1-zone-b"
          ]
        }
      ]
    },
    {
      "mode": "managed",
      "type": "yandex_alb_virtual_host",
      "name": "nginx-virtual-host",
      "provider": "provider[\"registry.terraform.io/yandex-cloud/yandex\"]",
      "instances": [
        {
          "schema_version": 0,
          "attributes": {
            "authority": null,
            "http_router_id": "ds768riht313uu58gnua",
            "id": "ds768riht313uu58gnua/nginx-virtual-host",
            "modify_request_headers": [],
            "modify_response_headers": [],
            "name": "nginx-virtual-host",
            "route": [
              {
                "grpc_route": [],
                "http_route": [
                  {
                    "direct_response_action": [],
                    "http_match": [],
                    "http_route_action": [
                      {
                        "auto_host_rewrite": false,
                        "backend_group_id": "ds7ulejhsarq5sv83ftp",
                        "host_rewrite": "",
                        "idle_timeout": "",
                        "prefix_rewrite": "",
                        "timeout": "3s",
                        "upgrade_types": null
                      }
                    ],
                    "redirect_action": []
                  }
                ],
                "name": "my-route",
                "route_options": []
              }
            ],
            "route_options": [],
            "timeouts": null
          },
          "sensitive_attributes": [],
          "private": "eyJlMmJmYjczMC1lY2FhLTExZTYtOGY4OC0zNDM2M2JjN2M0YzAiOnsiY3JlYXRlIjozMDAwMDAwMDAwMDAsImRlbGV0ZSI6MzAwMDAwMDAwMDAwLCJ1cGRhdGUiOjMwMDAwMDAwMDAwMH19",
          "dependencies": [
            "yandex_alb_backend_group.test-backend-group",
            "yandex_alb_http_router.tf-router",
            "yandex_alb_target_group.nginx-servers",
            "yandex_compute_instance.vm-1",
            "yandex_compute_instance.vm-2",
            "yandex_vpc_network.network-1",
            "yandex_vpc_subnet.subnet1-zone-a",
            "yandex_vpc_subnet.subnet1-zone-b"
          ]
        }
      ]
    },
    {
      "mode": "managed",
      "type": "yandex_compute_instance",
      "name": "vm-1",
      "provider": "provider[\"registry.terraform.io/yandex-cloud/yandex\"]",
      "instances": [
        {
          "schema_version": 1,
          "attributes": {
            "allow_recreate": null,
            "allow_stopping_for_update": null,
            "boot_disk": [
              {
                "auto_delete": true,
                "device_name": "fhm2dfdvrl3o6jjlnvvd",
                "disk_id": "fhm2dfdvrl3o6jjlnvvd",
                "initialize_params": [
                  {
                    "block_size": 4096,
                    "description": "",
                    "image_id": "fd8jvcoeij6u9se84dt5",
                    "name": "",
                    "size": 10,
                    "snapshot_id": "",
                    "type": "network-hdd"
                  }
                ],
                "mode": "READ_WRITE"
              }
            ],
            "created_at": "2023-01-01T14:33:44Z",
            "description": "",
            "filesystem": [],
            "folder_id": "b1g2i4pvls75r31nscju",
            "fqdn": "fhmhtmh7ctjjknpltff4.auto.internal",
            "hostname": "",
            "id": "fhmhtmh7ctjjknpltff4",
            "labels": null,
            "local_disk": [],
            "metadata": {
              "user-data": "#cloud-config\nusers:\n- name: user\n  groups: sudo\n  shell: /bin/bash\n  sudo: ['ALL=(ALL) NOPASSWD:ALL']\n  ssh-authorized-keys:\n  - ssh-rsa AAAAB3NzaC1yc2EAAAADAQABAAABgQDoOL05gU398OgaDZOj7R8ymlWD8QkaRnLnDqAa6OLI7YAfV8RgPcuq+le5qBSlvzHdVen8aOGYBW6aVPxidzUsQRDGMIppMDtVRSiuWDTClVQBkElL7N4QGC750aaKoPEAr/DP1reSMljoyCtWPrXqHzPHkviKIrPFZEmJ2zdf3dEiFDvuAvFjv1Rh6RClWdPaZ0M6pkV02hsN3FtrQZuGRasQRssaYvClinhMcqxqtlDTKIXjSQUidVtGYuOXEY0OXXcaGHqUNrd77Nsd8oaig8pBC1/i30q9MJxr+ncXni9TMCt7GuxLTa1tXIKBkcy2/iB2aS5gk1pfVO5Y8hjaMGKirG+r7yUwD5qZkz78ZiFoQWsoWcc5pmSowAC6dyDeFZQ2IEYzSt2U5uhaOS+nmZhtxaqsNZiPZG/2/dsuuTci4Qe2rYnDKgsWSWp+1nKefRQFImESBtiaudj/d+eqSJ/f2Dy9MhMCTVIVrNp/XtaD7yLRSB/f+XX0SxZzHNs= \n"
            },
            "metadata_options": [
              {
                "aws_v1_http_endpoint": 1,
                "aws_v1_http_token": 1,
                "gce_http_endpoint": 1,
                "gce_http_token": 1
              }
            ],
            "name": "nginx1",
            "network_acceleration_type": "standard",
            "network_interface": [
              {
                "dns_record": [],
                "index": 0,
                "ip_address": "192.168.10.8",
                "ipv4": true,
                "ipv6": false,
                "ipv6_address": "",
                "ipv6_dns_record": [],
                "mac_address": "d0:0d:11:ed:a2:76",
                "nat": true,
                "nat_dns_record": [],
                "nat_ip_address": "51.250.13.65",
                "nat_ip_version": "IPV4",
                "security_group_ids": [],
                "subnet_id": "e9b6ajsf4ma0h8uv4cj7"
              }
            ],
            "placement_policy": [
              {
                "host_affinity_rules": [],
                "placement_group_id": ""
              }
            ],
            "platform_id": "standard-v1",
            "resources": [
              {
                "core_fraction": 100,
                "cores": 2,
                "gpus": 0,
                "memory": 2
              }
            ],
            "scheduling_policy": [
              {
                "preemptible": true
              }
            ],
            "secondary_disk": [],
            "service_account_id": "",
            "status": "running",
            "timeouts": null,
            "zone": "ru-central1-a"
          },
          "sensitive_attributes": [],
          "private": "eyJlMmJmYjczMC1lY2FhLTExZTYtOGY4OC0zNDM2M2JjN2M0YzAiOnsiY3JlYXRlIjozMDAwMDAwMDAwMDAsImRlbGV0ZSI6MzAwMDAwMDAwMDAwLCJ1cGRhdGUiOjMwMDAwMDAwMDAwMH0sInNjaGVtYV92ZXJzaW9uIjoiMSJ9",
          "dependencies": [
            "yandex_vpc_network.network-1",
            "yandex_vpc_subnet.subnet1-zone-a"
          ]
        }
      ]
    },
    {
      "mode": "managed",
      "type": "yandex_compute_instance",
      "name": "vm-2",
      "provider": "provider[\"registry.terraform.io/yandex-cloud/yandex\"]",
      "instances": [
        {
          "schema_version": 1,
          "attributes": {
            "allow_recreate": null,
            "allow_stopping_for_update": null,
            "boot_disk": [
              {
                "auto_delete": true,
                "device_name": "epd0je2gb77n8ku5sadn",
                "disk_id": "epd0je2gb77n8ku5sadn",
                "initialize_params": [
                  {
                    "block_size": 4096,
                    "description": "",
                    "image_id": "fd8jvcoeij6u9se84dt5",
                    "name": "",
                    "size": 10,
                    "snapshot_id": "",
                    "type": "network-hdd"
                  }
                ],
                "mode": "READ_WRITE"
              }
            ],
            "created_at": "2023-01-01T14:33:44Z",
            "description": "",
            "filesystem": [],
            "folder_id": "b1g2i4pvls75r31nscju",
            "fqdn": "epd4kmdn0gpf47r5mdmu.auto.internal",
            "hostname": "",
            "id": "epd4kmdn0gpf47r5mdmu",
            "labels": null,
            "local_disk": [],
            "metadata": {
              "user-data": "#cloud-config\nusers:\n- name: user\n  groups: sudo\n  shell: /bin/bash\n  sudo: ['ALL=(ALL) NOPASSWD:ALL']\n  ssh-authorized-keys:\n  - ssh-rsa AAAAB3NzaC1yc2EAAAADAQABAAABgQDoOL05gU398OgaDZOj7R8ymlWD8QkaRnLnDqAa6OLI7YAfV8RgPcuq+le5qBSlvzHdVen8aOGYBW6aVPxidzUsQRDGMIppMDtVRSiuWDTClVQBkElL7N4QGC750aaKoPEAr/DP1reSMljoyCtWPrXqHzPHkviKIrPFZEmJ2zdf3dEiFDvuAvFjv1Rh6RClWdPaZ0M6pkV02hsN3FtrQZuGRasQRssaYvClinhMcqxqtlDTKIXjSQUidVtGYuOXEY0OXXcaGHqUNrd77Nsd8oaig8pBC1/i30q9MJxr+ncXni9TMCt7GuxLTa1tXIKBkcy2/iB2aS5gk1pfVO5Y8hjaMGKirG+r7yUwD5qZkz78ZiFoQWsoWcc5pmSowAC6dyDeFZQ2IEYzSt2U5uhaOS+nmZhtxaqsNZiPZG/2/dsuuTci4Qe2rYnDKgsWSWp+1nKefRQFImESBtiaudj/d+eqSJ/f2Dy9MhMCTVIVrNp/XtaD7yLRSB/f+XX0SxZzHNs= \n"
            },
            "metadata_options": [
              {
                "aws_v1_http_endpoint": 1,
                "aws_v1_http_token": 1,
                "gce_http_endpoint": 1,
                "gce_http_token": 1
              }
            ],
            "name": "nginx2",
            "network_acceleration_type": "standard",
            "network_interface": [
              {
                "dns_record": [],
                "index": 0,
                "ip_address": "192.168.11.16",
                "ipv4": true,
                "ipv6": false,
                "ipv6_address": "",
                "ipv6_dns_record": [],
                "mac_address": "d0:0d:4a:59:b7:04",
                "nat": true,
                "nat_dns_record": [],
                "nat_ip_address": "51.250.21.253",
                "nat_ip_version": "IPV4",
                "security_group_ids": [],
                "subnet_id": "e2lq0mu84mq7ng7cqjhm"
              }
            ],
            "placement_policy": [
              {
                "host_affinity_rules": [],
                "placement_group_id": ""
              }
            ],
            "platform_id": "standard-v1",
            "resources": [
              {
                "core_fraction": 100,
                "cores": 2,
                "gpus": 0,
                "memory": 2
              }
            ],
            "scheduling_policy": [
              {
                "preemptible": true
              }
            ],
            "secondary_disk": [],
            "service_account_id": "",
            "status": "running",
            "timeouts": null,
            "zone": "ru-central1-b"
          },
          "sensitive_attributes": [],
          "private": "eyJlMmJmYjczMC1lY2FhLTExZTYtOGY4OC0zNDM2M2JjN2M0YzAiOnsiY3JlYXRlIjozMDAwMDAwMDAwMDAsImRlbGV0ZSI6MzAwMDAwMDAwMDAwLCJ1cGRhdGUiOjMwMDAwMDAwMDAwMH0sInNjaGVtYV92ZXJzaW9uIjoiMSJ9",
          "dependencies": [
            "yandex_vpc_network.network-1",
            "yandex_vpc_subnet.subnet1-zone-b"
          ]
        }
      ]
    },
    {
      "mode": "managed",
      "type": "yandex_vpc_network",
      "name": "network-1",
      "provider": "provider[\"registry.terraform.io/yandex-cloud/yandex\"]",
      "instances": [
        {
          "schema_version": 0,
          "attributes": {
            "created_at": "2023-01-01T14:33:40Z",
            "default_security_group_id": "",
            "description": "",
            "folder_id": "b1g2i4pvls75r31nscju",
            "id": "enphjk0v2d0t4smhko2v",
            "labels": {},
            "name": "network-1",
            "subnet_ids": [],
            "timeouts": null
          },
          "sensitive_attributes": [],
          "private": "eyJlMmJmYjczMC1lY2FhLTExZTYtOGY4OC0zNDM2M2JjN2M0YzAiOnsiY3JlYXRlIjo2MDAwMDAwMDAwMCwiZGVsZXRlIjo2MDAwMDAwMDAwMCwidXBkYXRlIjo2MDAwMDAwMDAwMH19"
        }
      ]
    },
    {
      "mode": "managed",
      "type": "yandex_vpc_subnet",
      "name": "subnet1-zone-a",
      "provider": "provider[\"registry.terraform.io/yandex-cloud/yandex\"]",
      "instances": [
        {
          "schema_version": 0,
          "attributes": {
            "created_at": "2023-01-01T14:33:42Z",
            "description": "",
            "dhcp_options": [],
            "folder_id": "b1g2i4pvls75r31nscju",
            "id": "e9b6ajsf4ma0h8uv4cj7",
            "labels": {},
            "name": "subnet1",
            "network_id": "enphjk0v2d0t4smhko2v",
            "route_table_id": "",
            "timeouts": null,
            "v4_cidr_blocks": [
              "192.168.10.0/24"
            ],
            "v6_cidr_blocks": [],
            "zone": "ru-central1-a"
          },
          "sensitive_attributes": [],
          "private": "eyJlMmJmYjczMC1lY2FhLTExZTYtOGY4OC0zNDM2M2JjN2M0YzAiOnsiY3JlYXRlIjoxODAwMDAwMDAwMDAsImRlbGV0ZSI6MTgwMDAwMDAwMDAwLCJ1cGRhdGUiOjE4MDAwMDAwMDAwMH19",
          "dependencies": [
            "yandex_vpc_network.network-1"
          ]
        }
      ]
    },
    {
      "mode": "managed",
      "type": "yandex_vpc_subnet",
      "name": "subnet1-zone-b",
      "provider": "provider[\"registry.terraform.io/yandex-cloud/yandex\"]",
      "instances": [
        {
          "schema_version": 0,
          "attributes": {
            "created_at": "2023-01-01T14:33:42Z",
            "description": "",
            "dhcp_options": [],
            "folder_id": "b1g2i4pvls75r31nscju",
            "id": "e2lq0mu84mq7ng7cqjhm",
            "labels": {},
            "name": "subnet2",
            "network_id": "enphjk0v2d0t4smhko2v",
            "route_table_id": "",
            "timeouts": null,
            "v4_cidr_blocks": [
              "192.168.11.0/24"
            ],
            "v6_cidr_blocks": [],
            "zone": "ru-central1-b"
          },
          "sensitive_attributes": [],
          "private": "eyJlMmJmYjczMC1lY2FhLTExZTYtOGY4OC0zNDM2M2JjN2M0YzAiOnsiY3JlYXRlIjoxODAwMDAwMDAwMDAsImRlbGV0ZSI6MTgwMDAwMDAwMDAwLCJ1cGRhdGUiOjE4MDAwMDAwMDAwMH19",
          "dependencies": [
            "yandex_vpc_network.network-1"
          ]
        }
      ]
    }
  ],
  "check_results": null
}
